
Microsoft Visual Studio Solution File, Format Version 12.00
# Visual Studio Version 17
VisualStudioVersion = 17.4.33205.214
MinimumVisualStudioVersion = 10.0.40219.1
Project("{2150E333-8FDC-42A3-9474-1A3956D46DE8}") = "Tests", "Tests", "{533683F1-B92C-4149-A2AD-6045623BC6D8}"
EndProject
Project("{2150E333-8FDC-42A3-9474-1A3956D46DE8}") = "Samples", "Samples", "{E41DF193-4045-472B-8E45-39D461B4C4B5}"
EndProject
Project("{D954291E-2A0B-460D-934E-DC6B0785DB48}") = "ValueConverters.Shared", "ValueConverters.Shared\ValueConverters.Shared.shproj", "{4D17E49B-5E42-487E-B057-DA0D8D364662}"
EndProject
Project("{2150E333-8FDC-42A3-9474-1A3956D46DE8}") = "Solution Items", "Solution Items", "{A40B9C6A-925B-455F-A48E-8FD6E62FDB64}"
	ProjectSection(SolutionItems) = preProject
		.editorconfig = .editorconfig
		.gitignore = .gitignore
		azure-pipelines.yml = azure-pipelines.yml
		clean.bat = clean.bat
		clean.sh = clean.sh
		global.json = global.json
		LICENSE = LICENSE
		README.md = README.md
		ReleaseNotes.txt = ReleaseNotes.txt
	EndProjectSection
EndProject
Project("{9A19103F-16F7-4668-BE54-9A1E7A4F7556}") = "ValueConvertersSample.Contracts", "Samples\ValueConvertersSample.Contracts\ValueConvertersSample.Contracts.csproj", "{6FD6F3CD-8CD5-432E-9DE1-4AA4382E1279}"
EndProject
Project("{9A19103F-16F7-4668-BE54-9A1E7A4F7556}") = "ValueConverters.Annotations", "ValueConverters.Annotations\ValueConverters.Annotations.csproj", "{B0366D3D-B8B0-4B91-9867-DA88AD68252E}"
EndProject
Project("{9A19103F-16F7-4668-BE54-9A1E7A4F7556}") = "ValueConverters.WPF", "ValueConverters.WPF\ValueConverters.WPF.csproj", "{51499FE5-5D2A-45D6-B937-776F56195250}"
EndProject
Project("{9A19103F-16F7-4668-BE54-9A1E7A4F7556}") = "ValueConvertersSample.WPF", "Samples\ValueConvertersSample.WPF\ValueConvertersSample.WPF.csproj", "{5B904F8D-34A6-4BCF-BA88-766FB31582B6}"
EndProject
Project("{9A19103F-16F7-4668-BE54-9A1E7A4F7556}") = "ValueConverters.WPF.Tests", "Tests\ValueConverters.WPF.Tests\ValueConverters.WPF.Tests.csproj", "{B2EA34AC-8EC3-452D-9E39-D3D6846D31F8}"
EndProject
Project("{D954291E-2A0B-460D-934E-DC6B0785DB48}") = "ValueConverters.Tests.Shared", "Tests\ValueConverters.Tests.Shared\ValueConverters.Tests.Shared.shproj", "{492DF5EA-702C-4B13-857C-90F510E10470}"
EndProject
Project("{9A19103F-16F7-4668-BE54-9A1E7A4F7556}") = "ValueConverters.MAUI", "ValueConverters.MAUI\ValueConverters.MAUI.csproj", "{F15624EE-FBC0-4D1D-AAAC-884E4A3C434F}"
EndProject
Project("{9A19103F-16F7-4668-BE54-9A1E7A4F7556}") = "MauiSampleApp", "Samples\MauiSampleApp\MauiSampleApp.csproj", "{AA68D6D7-1F8A-4FC0-84A8-E8309BBB8BC4}"
EndProject
Project("{FAE04EC0-301F-11D3-BF4B-00C04F79EFBC}") = "ValueConvertersSample.WPF.NETFX", "Samples\ValueConvertersSample.WPF.NETFX\ValueConvertersSample.WPF.NETFX.csproj", "{F4FE45DF-BB66-FA6B-3B82-84423D54A48A}"
EndProject
Project("{FAE04EC0-301F-11D3-BF4B-00C04F79EFBC}") = "ValueConverters.Annotations.Tests", "Tests\ValueConverters.Annotations.Tests\ValueConverters.Annotations.Tests.csproj", "{1E447A1C-6B0A-4C31-94DD-13A117D51CD9}"
EndProject
Project("{FAE04EC0-301F-11D3-BF4B-00C04F79EFBC}") = "ValueConverters.MAUI.Tests", "Tests\ValueConverters.MAUI.Tests\ValueConverters.MAUI.Tests.csproj", "{789A3512-D801-41DF-88B1-9F83292E8E78}"
EndProject
Global
	GlobalSection(SolutionConfigurationPlatforms) = preSolution
		Debug|Any CPU = Debug|Any CPU
		Debug|iPhone = Debug|iPhone
		Debug|iPhoneSimulator = Debug|iPhoneSimulator
		Release|Any CPU = Release|Any CPU
		Release|iPhone = Release|iPhone
		Release|iPhoneSimulator = Release|iPhoneSimulator
	EndGlobalSection
	GlobalSection(ProjectConfigurationPlatforms) = postSolution
		{6FD6F3CD-8CD5-432E-9DE1-4AA4382E1279}.Debug|Any CPU.ActiveCfg = Debug|Any CPU
		{6FD6F3CD-8CD5-432E-9DE1-4AA4382E1279}.Debug|Any CPU.Build.0 = Debug|Any CPU
		{6FD6F3CD-8CD5-432E-9DE1-4AA4382E1279}.Debug|iPhone.ActiveCfg = Debug|Any CPU
		{6FD6F3CD-8CD5-432E-9DE1-4AA4382E1279}.Debug|iPhone.Build.0 = Debug|Any CPU
		{6FD6F3CD-8CD5-432E-9DE1-4AA4382E1279}.Debug|iPhoneSimulator.ActiveCfg = Debug|Any CPU
		{6FD6F3CD-8CD5-432E-9DE1-4AA4382E1279}.Debug|iPhoneSimulator.Build.0 = Debug|Any CPU
		{6FD6F3CD-8CD5-432E-9DE1-4AA4382E1279}.Release|Any CPU.ActiveCfg = Release|Any CPU
		{6FD6F3CD-8CD5-432E-9DE1-4AA4382E1279}.Release|iPhone.ActiveCfg = Release|Any CPU
		{6FD6F3CD-8CD5-432E-9DE1-4AA4382E1279}.Release|iPhone.Build.0 = Release|Any CPU
		{6FD6F3CD-8CD5-432E-9DE1-4AA4382E1279}.Release|iPhoneSimulator.ActiveCfg = Release|Any CPU
		{6FD6F3CD-8CD5-432E-9DE1-4AA4382E1279}.Release|iPhoneSimulator.Build.0 = Release|Any CPU
		{B0366D3D-B8B0-4B91-9867-DA88AD68252E}.Debug|Any CPU.ActiveCfg = Debug|Any CPU
		{B0366D3D-B8B0-4B91-9867-DA88AD68252E}.Debug|Any CPU.Build.0 = Debug|Any CPU
		{B0366D3D-B8B0-4B91-9867-DA88AD68252E}.Debug|iPhone.ActiveCfg = Debug|Any CPU
		{B0366D3D-B8B0-4B91-9867-DA88AD68252E}.Debug|iPhone.Build.0 = Debug|Any CPU
		{B0366D3D-B8B0-4B91-9867-DA88AD68252E}.Debug|iPhoneSimulator.ActiveCfg = Debug|Any CPU
		{B0366D3D-B8B0-4B91-9867-DA88AD68252E}.Debug|iPhoneSimulator.Build.0 = Debug|Any CPU
		{B0366D3D-B8B0-4B91-9867-DA88AD68252E}.Release|Any CPU.ActiveCfg = Release|Any CPU
		{B0366D3D-B8B0-4B91-9867-DA88AD68252E}.Release|Any CPU.Build.0 = Release|Any CPU
		{B0366D3D-B8B0-4B91-9867-DA88AD68252E}.Release|iPhone.ActiveCfg = Release|Any CPU
		{B0366D3D-B8B0-4B91-9867-DA88AD68252E}.Release|iPhone.Build.0 = Release|Any CPU
		{B0366D3D-B8B0-4B91-9867-DA88AD68252E}.Release|iPhoneSimulator.ActiveCfg = Release|Any CPU
		{B0366D3D-B8B0-4B91-9867-DA88AD68252E}.Release|iPhoneSimulator.Build.0 = Release|Any CPU
		{51499FE5-5D2A-45D6-B937-776F56195250}.Debug|Any CPU.ActiveCfg = Debug|Any CPU
		{51499FE5-5D2A-45D6-B937-776F56195250}.Debug|Any CPU.Build.0 = Debug|Any CPU
		{51499FE5-5D2A-45D6-B937-776F56195250}.Debug|iPhone.ActiveCfg = Debug|Any CPU
		{51499FE5-5D2A-45D6-B937-776F56195250}.Debug|iPhone.Build.0 = Debug|Any CPU
		{51499FE5-5D2A-45D6-B937-776F56195250}.Debug|iPhoneSimulator.ActiveCfg = Debug|Any CPU
		{51499FE5-5D2A-45D6-B937-776F56195250}.Debug|iPhoneSimulator.Build.0 = Debug|Any CPU
		{51499FE5-5D2A-45D6-B937-776F56195250}.Release|Any CPU.ActiveCfg = Release|Any CPU
		{51499FE5-5D2A-45D6-B937-776F56195250}.Release|Any CPU.Build.0 = Release|Any CPU
		{51499FE5-5D2A-45D6-B937-776F56195250}.Release|iPhone.ActiveCfg = Release|Any CPU
		{51499FE5-5D2A-45D6-B937-776F56195250}.Release|iPhone.Build.0 = Release|Any CPU
		{51499FE5-5D2A-45D6-B937-776F56195250}.Release|iPhoneSimulator.ActiveCfg = Release|Any CPU
		{5B904F8D-34A6-4BCF-BA88-766FB31582B6}.Debug|Any CPU.ActiveCfg = Debug|Any CPU
		{5B904F8D-34A6-4BCF-BA88-766FB31582B6}.Debug|Any CPU.Build.0 = Debug|Any CPU
		{5B904F8D-34A6-4BCF-BA88-766FB31582B6}.Debug|iPhone.ActiveCfg = Debug|Any CPU
		{5B904F8D-34A6-4BCF-BA88-766FB31582B6}.Debug|iPhone.Build.0 = Debug|Any CPU
		{5B904F8D-34A6-4BCF-BA88-766FB31582B6}.Debug|iPhoneSimulator.ActiveCfg = Debug|Any CPU
		{5B904F8D-34A6-4BCF-BA88-766FB31582B6}.Debug|iPhoneSimulator.Build.0 = Debug|Any CPU
		{5B904F8D-34A6-4BCF-BA88-766FB31582B6}.Release|Any CPU.ActiveCfg = Release|Any CPU
		{5B904F8D-34A6-4BCF-BA88-766FB31582B6}.Release|iPhone.ActiveCfg = Release|Any CPU
		{5B904F8D-34A6-4BCF-BA88-766FB31582B6}.Release|iPhone.Build.0 = Release|Any CPU
		{5B904F8D-34A6-4BCF-BA88-766FB31582B6}.Release|iPhoneSimulator.ActiveCfg = Release|Any CPU
		{5B904F8D-34A6-4BCF-BA88-766FB31582B6}.Release|iPhoneSimulator.Build.0 = Release|Any CPU
		{B2EA34AC-8EC3-452D-9E39-D3D6846D31F8}.Debug|Any CPU.ActiveCfg = Debug|Any CPU
		{B2EA34AC-8EC3-452D-9E39-D3D6846D31F8}.Debug|Any CPU.Build.0 = Debug|Any CPU
		{B2EA34AC-8EC3-452D-9E39-D3D6846D31F8}.Debug|iPhone.ActiveCfg = Debug|Any CPU
		{B2EA34AC-8EC3-452D-9E39-D3D6846D31F8}.Debug|iPhone.Build.0 = Debug|Any CPU
		{B2EA34AC-8EC3-452D-9E39-D3D6846D31F8}.Debug|iPhoneSimulator.ActiveCfg = Debug|Any CPU
		{B2EA34AC-8EC3-452D-9E39-D3D6846D31F8}.Debug|iPhoneSimulator.Build.0 = Debug|Any CPU
		{B2EA34AC-8EC3-452D-9E39-D3D6846D31F8}.Release|Any CPU.ActiveCfg = Release|Any CPU
		{B2EA34AC-8EC3-452D-9E39-D3D6846D31F8}.Release|Any CPU.Build.0 = Release|Any CPU
		{B2EA34AC-8EC3-452D-9E39-D3D6846D31F8}.Release|iPhone.ActiveCfg = Release|Any CPU
		{B2EA34AC-8EC3-452D-9E39-D3D6846D31F8}.Release|iPhone.Build.0 = Release|Any CPU
		{B2EA34AC-8EC3-452D-9E39-D3D6846D31F8}.Release|iPhoneSimulator.ActiveCfg = Release|Any CPU
		{B2EA34AC-8EC3-452D-9E39-D3D6846D31F8}.Release|iPhoneSimulator.Build.0 = Release|Any CPU
		{F15624EE-FBC0-4D1D-AAAC-884E4A3C434F}.Debug|Any CPU.ActiveCfg = Debug|Any CPU
		{F15624EE-FBC0-4D1D-AAAC-884E4A3C434F}.Debug|Any CPU.Build.0 = Debug|Any CPU
		{F15624EE-FBC0-4D1D-AAAC-884E4A3C434F}.Debug|iPhone.ActiveCfg = Debug|Any CPU
		{F15624EE-FBC0-4D1D-AAAC-884E4A3C434F}.Debug|iPhone.Build.0 = Debug|Any CPU
		{F15624EE-FBC0-4D1D-AAAC-884E4A3C434F}.Debug|iPhoneSimulator.ActiveCfg = Debug|Any CPU
		{F15624EE-FBC0-4D1D-AAAC-884E4A3C434F}.Debug|iPhoneSimulator.Build.0 = Debug|Any CPU
		{F15624EE-FBC0-4D1D-AAAC-884E4A3C434F}.Release|Any CPU.ActiveCfg = Release|Any CPU
		{F15624EE-FBC0-4D1D-AAAC-884E4A3C434F}.Release|Any CPU.Build.0 = Release|Any CPU
		{F15624EE-FBC0-4D1D-AAAC-884E4A3C434F}.Release|iPhone.ActiveCfg = Release|Any CPU
		{F15624EE-FBC0-4D1D-AAAC-884E4A3C434F}.Release|iPhone.Build.0 = Release|Any CPU
		{F15624EE-FBC0-4D1D-AAAC-884E4A3C434F}.Release|iPhoneSimulator.ActiveCfg = Release|Any CPU
		{F15624EE-FBC0-4D1D-AAAC-884E4A3C434F}.Release|iPhoneSimulator.Build.0 = Release|Any CPU
		{AA68D6D7-1F8A-4FC0-84A8-E8309BBB8BC4}.Debug|Any CPU.ActiveCfg = Debug|Any CPU
		{AA68D6D7-1F8A-4FC0-84A8-E8309BBB8BC4}.Debug|Any CPU.Build.0 = Debug|Any CPU
		{AA68D6D7-1F8A-4FC0-84A8-E8309BBB8BC4}.Debug|Any CPU.Deploy.0 = Debug|Any CPU
		{AA68D6D7-1F8A-4FC0-84A8-E8309BBB8BC4}.Debug|iPhone.ActiveCfg = Debug|Any CPU
		{AA68D6D7-1F8A-4FC0-84A8-E8309BBB8BC4}.Debug|iPhone.Build.0 = Debug|Any CPU
		{AA68D6D7-1F8A-4FC0-84A8-E8309BBB8BC4}.Debug|iPhone.Deploy.0 = Debug|Any CPU
		{AA68D6D7-1F8A-4FC0-84A8-E8309BBB8BC4}.Debug|iPhoneSimulator.ActiveCfg = Debug|Any CPU
		{AA68D6D7-1F8A-4FC0-84A8-E8309BBB8BC4}.Debug|iPhoneSimulator.Build.0 = Debug|Any CPU
		{AA68D6D7-1F8A-4FC0-84A8-E8309BBB8BC4}.Debug|iPhoneSimulator.Deploy.0 = Debug|Any CPU
		{AA68D6D7-1F8A-4FC0-84A8-E8309BBB8BC4}.Release|Any CPU.ActiveCfg = Release|Any CPU
		{AA68D6D7-1F8A-4FC0-84A8-E8309BBB8BC4}.Release|iPhone.ActiveCfg = Release|Any CPU
		{AA68D6D7-1F8A-4FC0-84A8-E8309BBB8BC4}.Release|iPhone.Build.0 = Release|Any CPU
		{AA68D6D7-1F8A-4FC0-84A8-E8309BBB8BC4}.Release|iPhone.Deploy.0 = Release|Any CPU
		{AA68D6D7-1F8A-4FC0-84A8-E8309BBB8BC4}.Release|iPhoneSimulator.ActiveCfg = Release|Any CPU
		{AA68D6D7-1F8A-4FC0-84A8-E8309BBB8BC4}.Release|iPhoneSimulator.Build.0 = Release|Any CPU
		{AA68D6D7-1F8A-4FC0-84A8-E8309BBB8BC4}.Release|iPhoneSimulator.Deploy.0 = Release|Any CPU
		{F4FE45DF-BB66-FA6B-3B82-84423D54A48A}.Debug|Any CPU.ActiveCfg = Debug|Any CPU
		{F4FE45DF-BB66-FA6B-3B82-84423D54A48A}.Debug|Any CPU.Build.0 = Debug|Any CPU
		{F4FE45DF-BB66-FA6B-3B82-84423D54A48A}.Debug|iPhone.ActiveCfg = Debug|Any CPU
		{F4FE45DF-BB66-FA6B-3B82-84423D54A48A}.Debug|iPhone.Build.0 = Debug|Any CPU
		{F4FE45DF-BB66-FA6B-3B82-84423D54A48A}.Debug|iPhoneSimulator.ActiveCfg = Debug|Any CPU
		{F4FE45DF-BB66-FA6B-3B82-84423D54A48A}.Debug|iPhoneSimulator.Build.0 = Debug|Any CPU
		{F4FE45DF-BB66-FA6B-3B82-84423D54A48A}.Release|Any CPU.ActiveCfg = Release|Any CPU
		{F4FE45DF-BB66-FA6B-3B82-84423D54A48A}.Release|Any CPU.Build.0 = Release|Any CPU
		{F4FE45DF-BB66-FA6B-3B82-84423D54A48A}.Release|iPhone.ActiveCfg = Release|Any CPU
		{F4FE45DF-BB66-FA6B-3B82-84423D54A48A}.Release|iPhone.Build.0 = Release|Any CPU
		{F4FE45DF-BB66-FA6B-3B82-84423D54A48A}.Release|iPhoneSimulator.ActiveCfg = Release|Any CPU
		{F4FE45DF-BB66-FA6B-3B82-84423D54A48A}.Release|iPhoneSimulator.Build.0 = Release|Any CPU
		{1E447A1C-6B0A-4C31-94DD-13A117D51CD9}.Debug|Any CPU.ActiveCfg = Debug|Any CPU
		{1E447A1C-6B0A-4C31-94DD-13A117D51CD9}.Debug|Any CPU.Build.0 = Debug|Any CPU
		{1E447A1C-6B0A-4C31-94DD-13A117D51CD9}.Debug|iPhone.ActiveCfg = Debug|Any CPU
		{1E447A1C-6B0A-4C31-94DD-13A117D51CD9}.Debug|iPhone.Build.0 = Debug|Any CPU
		{1E447A1C-6B0A-4C31-94DD-13A117D51CD9}.Debug|iPhoneSimulator.ActiveCfg = Debug|Any CPU
		{1E447A1C-6B0A-4C31-94DD-13A117D51CD9}.Debug|iPhoneSimulator.Build.0 = Debug|Any CPU
		{1E447A1C-6B0A-4C31-94DD-13A117D51CD9}.Release|Any CPU.ActiveCfg = Release|Any CPU
		{1E447A1C-6B0A-4C31-94DD-13A117D51CD9}.Release|Any CPU.Build.0 = Release|Any CPU
		{1E447A1C-6B0A-4C31-94DD-13A117D51CD9}.Release|iPhone.ActiveCfg = Release|Any CPU
		{1E447A1C-6B0A-4C31-94DD-13A117D51CD9}.Release|iPhone.Build.0 = Release|Any CPU
		{1E447A1C-6B0A-4C31-94DD-13A117D51CD9}.Release|iPhoneSimulator.ActiveCfg = Release|Any CPU
		{1E447A1C-6B0A-4C31-94DD-13A117D51CD9}.Release|iPhoneSimulator.Build.0 = Release|Any CPU
		{789A3512-D801-41DF-88B1-9F83292E8E78}.Debug|Any CPU.ActiveCfg = Debug|Any CPU
		{789A3512-D801-41DF-88B1-9F83292E8E78}.Debug|Any CPU.Build.0 = Debug|Any CPU
		{789A3512-D801-41DF-88B1-9F83292E8E78}.Debug|iPhone.ActiveCfg = Debug|Any CPU
		{789A3512-D801-41DF-88B1-9F83292E8E78}.Debug|iPhone.Build.0 = Debug|Any CPU
		{789A3512-D801-41DF-88B1-9F83292E8E78}.Debug|iPhoneSimulator.ActiveCfg = Debug|Any CPU
		{789A3512-D801-41DF-88B1-9F83292E8E78}.Debug|iPhoneSimulator.Build.0 = Debug|Any CPU
		{789A3512-D801-41DF-88B1-9F83292E8E78}.Release|Any CPU.ActiveCfg = Release|Any CPU
		{789A3512-D801-41DF-88B1-9F83292E8E78}.Release|Any CPU.Build.0 = Release|Any CPU
		{789A3512-D801-41DF-88B1-9F83292E8E78}.Release|iPhone.ActiveCfg = Release|Any CPU
		{789A3512-D801-41DF-88B1-9F83292E8E78}.Release|iPhone.Build.0 = Release|Any CPU
		{789A3512-D801-41DF-88B1-9F83292E8E78}.Release|iPhoneSimulator.ActiveCfg = Release|Any CPU
		{789A3512-D801-41DF-88B1-9F83292E8E78}.Release|iPhoneSimulator.Build.0 = Release|Any CPU
	EndGlobalSection
	GlobalSection(SolutionProperties) = preSolution
		HideSolutionNode = FALSE
	EndGlobalSection
	GlobalSection(NestedProjects) = preSolution
		{6FD6F3CD-8CD5-432E-9DE1-4AA4382E1279} = {E41DF193-4045-472B-8E45-39D461B4C4B5}
		{5B904F8D-34A6-4BCF-BA88-766FB31582B6} = {E41DF193-4045-472B-8E45-39D461B4C4B5}
		{B2EA34AC-8EC3-452D-9E39-D3D6846D31F8} = {533683F1-B92C-4149-A2AD-6045623BC6D8}
		{492DF5EA-702C-4B13-857C-90F510E10470} = {533683F1-B92C-4149-A2AD-6045623BC6D8}
		{AA68D6D7-1F8A-4FC0-84A8-E8309BBB8BC4} = {E41DF193-4045-472B-8E45-39D461B4C4B5}
		{F4FE45DF-BB66-FA6B-3B82-84423D54A48A} = {E41DF193-4045-472B-8E45-39D461B4C4B5}
		{1E447A1C-6B0A-4C31-94DD-13A117D51CD9} = {533683F1-B92C-4149-A2AD-6045623BC6D8}
		{789A3512-D801-41DF-88B1-9F83292E8E78} = {533683F1-B92C-4149-A2AD-6045623BC6D8}
	EndGlobalSection
	GlobalSection(ExtensibilityGlobals) = postSolution
		SolutionGuid = {D9FCDFD6-41EA-4EC3-B17F-FA1660C92698}
	EndGlobalSection
	GlobalSection(SharedMSBuildProjectFiles) = preSolution
		Tests\ValueConverters.Tests.Shared\ValueConverters.Tests.Shared.projitems*{492df5ea-702c-4b13-857c-90f510e10470}*SharedItemsImports = 13
		ValueConverters.Shared\ValueConverters.Shared.projitems*{4d17e49b-5e42-487e-b057-da0d8d364662}*SharedItemsImports = 13
		ValueConverters.Shared\ValueConverters.Shared.projitems*{51499fe5-5d2a-45d6-b937-776f56195250}*SharedItemsImports = 5
		Tests\ValueConverters.Tests.Shared\ValueConverters.Tests.Shared.projitems*{b2ea34ac-8ec3-452d-9e39-d3d6846d31f8}*SharedItemsImports = 5
		ValueConverters.Shared\ValueConverters.Shared.projitems*{f15624ee-fbc0-4d1d-aaac-884e4a3c434f}*SharedItemsImports = 5
	EndGlobalSection
EndGlobal
