
Microsoft Visual Studio Solution File, Format Version 12.00
# Visual Studio 14
VisualStudioVersion = 14.0.25420.1
MinimumVisualStudioVersion = 10.0.40219.1
Project("{2150E333-8FDC-42A3-9474-1A3956D46DE8}") = "nuget", "nuget", "{B5AEA046-0E87-4A7B-8F11-80B6BDDA1F2A}"
EndProject
Project("{FAE04EC0-301F-11D3-BF4B-00C04F79EFBC}") = "ValueConverters.NuGet", "ValueConverters.NuGet\ValueConverters.NuGet.csproj", "{2CF5E868-1098-4C6D-9001-27D8DC0D87BE}"
	ProjectSection(ProjectDependencies) = postProject
		{7169373F-0B82-4E5D-9129-7CC3065B90FA} = {7169373F-0B82-4E5D-9129-7CC3065B90FA}
		{5876144B-47DD-4C4E-B421-BC03F191B996} = {5876144B-47DD-4C4E-B421-BC03F191B996}
		{EFC0655A-C5B8-4B71-B130-3BA06F43287D} = {EFC0655A-C5B8-4B71-B130-3BA06F43287D}
		{ED9A4CA1-C04C-457D-9A2E-7995CCF12356} = {ED9A4CA1-C04C-457D-9A2E-7995CCF12356}
		{15371BE7-C46D-40AE-BEF1-8F44497E696D} = {15371BE7-C46D-40AE-BEF1-8F44497E696D}
	EndProjectSection
EndProject
Project("{FAE04EC0-301F-11D3-BF4B-00C04F79EFBC}") = "ValueConverters.WindowsPhone8", "ValueConverters.WindowsPhone8\ValueConverters.WindowsPhone8.csproj", "{5876144B-47DD-4C4E-B421-BC03F191B996}"
EndProject
Project("{FAE04EC0-301F-11D3-BF4B-00C04F79EFBC}") = "ValueConverters.WindowsPhone81", "ValueConverters.WindowsPhone81\ValueConverters.WindowsPhone81.csproj", "{7169373F-0B82-4E5D-9129-7CC3065B90FA}"
EndProject
Project("{FAE04EC0-301F-11D3-BF4B-00C04F79EFBC}") = "ValueConverters.WindowsStore", "ValueConverters.WindowsStore\ValueConverters.WindowsStore.csproj", "{ED9A4CA1-C04C-457D-9A2E-7995CCF12356}"
EndProject
Project("{2150E333-8FDC-42A3-9474-1A3956D46DE8}") = "Tests", "Tests", "{533683F1-B92C-4149-A2AD-6045623BC6D8}"
EndProject
Project("{FAE04EC0-301F-11D3-BF4B-00C04F79EFBC}") = "ValueConverters.NetFx", "ValueConverters.NetFx\ValueConverters.NetFx.csproj", "{EFC0655A-C5B8-4B71-B130-3BA06F43287D}"
EndProject
Project("{FAE04EC0-301F-11D3-BF4B-00C04F79EFBC}") = "ValueConverters.NetFx.Tests", "Tests\ValueConverters.NetFx.Tests\ValueConverters.NetFx.Tests.csproj", "{FE3664B1-72BA-4C7B-A896-738A15F48A9B}"
EndProject
Project("{2150E333-8FDC-42A3-9474-1A3956D46DE8}") = "Samples", "Samples", "{E41DF193-4045-472B-8E45-39D461B4C4B5}"
EndProject
Project("{FAE04EC0-301F-11D3-BF4B-00C04F79EFBC}") = "ValueConverterSample.WPF", "Samples\ValueConverterSample.WPF\ValueConverterSample.WPF.csproj", "{A6E5249D-C10D-4966-8919-5F4ADAD98C7C}"
EndProject
Project("{FAE04EC0-301F-11D3-BF4B-00C04F79EFBC}") = "ValueConverters.UWP", "ValueConverters.UWP\ValueConverters.UWP.csproj", "{15371BE7-C46D-40AE-BEF1-8F44497E696D}"
EndProject
Project("{FAE04EC0-301F-11D3-BF4B-00C04F79EFBC}") = "ValueConverterSample.UWP", "Samples\ValueConverterSample.UWP\ValueConverterSample.UWP.csproj", "{C9C9B3C8-98A4-433E-AADE-2ECA55E7D879}"
EndProject
Project("{D954291E-2A0B-460D-934E-DC6B0785DB48}") = "ValueConverters.Shared", "ValueConverters.Shared\ValueConverters.Shared.shproj", "{4D17E49B-5E42-487E-B057-DA0D8D364662}"
EndProject
Project("{FAE04EC0-301F-11D3-BF4B-00C04F79EFBC}") = "ValueConverters", "ValueConverters\ValueConverters.csproj", "{67F9D3A8-F71E-4428-913F-C37AE82CDB24}"
EndProject
Project("{FAE04EC0-301F-11D3-BF4B-00C04F79EFBC}") = "ValueConverters.Testdata", "Tests\ValueConverters.Testdata\ValueConverters.Testdata.csproj", "{A9C5AC21-C184-4512-9110-9887EB1303EF}"
EndProject
Project("{FAE04EC0-301F-11D3-BF4B-00C04F79EFBC}") = "ValueConverterSample.Contracts", "Samples\ValueConverterSample.Contracts\ValueConverterSample.Contracts.csproj", "{00E10374-C85B-49E4-9D6B-B1E866D3D0B5}"
EndProject
Global
	GlobalSection(SharedMSBuildProjectFiles) = preSolution
		ValueConverters.Shared\ValueConverters.Shared.projitems*{15371be7-c46d-40ae-bef1-8f44497e696d}*SharedItemsImports = 4
		ValueConverters.Shared\ValueConverters.Shared.projitems*{4d17e49b-5e42-487e-b057-da0d8d364662}*SharedItemsImports = 13
		ValueConverters.Shared\ValueConverters.Shared.projitems*{5876144b-47dd-4c4e-b421-bc03f191b996}*SharedItemsImports = 4
		ValueConverters.Shared\ValueConverters.Shared.projitems*{7169373f-0b82-4e5d-9129-7cc3065b90fa}*SharedItemsImports = 4
		ValueConverters.Shared\ValueConverters.Shared.projitems*{ed9a4ca1-c04c-457d-9a2e-7995ccf12356}*SharedItemsImports = 4
		ValueConverters.Shared\ValueConverters.Shared.projitems*{efc0655a-c5b8-4b71-b130-3ba06f43287d}*SharedItemsImports = 4
	EndGlobalSection
	GlobalSection(SolutionConfigurationPlatforms) = preSolution
		Ad-Hoc|Any CPU = Ad-Hoc|Any CPU
		Ad-Hoc|ARM = Ad-Hoc|ARM
		Ad-Hoc|iPhone = Ad-Hoc|iPhone
		Ad-Hoc|iPhoneSimulator = Ad-Hoc|iPhoneSimulator
		Ad-Hoc|x64 = Ad-Hoc|x64
		Ad-Hoc|x86 = Ad-Hoc|x86
		AppStore|Any CPU = AppStore|Any CPU
		AppStore|ARM = AppStore|ARM
		AppStore|iPhone = AppStore|iPhone
		AppStore|iPhoneSimulator = AppStore|iPhoneSimulator
		AppStore|x64 = AppStore|x64
		AppStore|x86 = AppStore|x86
		Debug|Any CPU = Debug|Any CPU
		Debug|ARM = Debug|ARM
		Debug|iPhone = Debug|iPhone
		Debug|iPhoneSimulator = Debug|iPhoneSimulator
		Debug|x64 = Debug|x64
		Debug|x86 = Debug|x86
		Release|Any CPU = Release|Any CPU
		Release|ARM = Release|ARM
		Release|iPhone = Release|iPhone
		Release|iPhoneSimulator = Release|iPhoneSimulator
		Release|x64 = Release|x64
		Release|x86 = Release|x86
	EndGlobalSection
	GlobalSection(ProjectConfigurationPlatforms) = postSolution
		{2CF5E868-1098-4C6D-9001-27D8DC0D87BE}.Ad-Hoc|Any CPU.ActiveCfg = Release|Any CPU
		{2CF5E868-1098-4C6D-9001-27D8DC0D87BE}.Ad-Hoc|Any CPU.Build.0 = Release|Any CPU
		{2CF5E868-1098-4C6D-9001-27D8DC0D87BE}.Ad-Hoc|ARM.ActiveCfg = Release|Any CPU
		{2CF5E868-1098-4C6D-9001-27D8DC0D87BE}.Ad-Hoc|ARM.Build.0 = Release|Any CPU
		{2CF5E868-1098-4C6D-9001-27D8DC0D87BE}.Ad-Hoc|iPhone.ActiveCfg = Release|Any CPU
		{2CF5E868-1098-4C6D-9001-27D8DC0D87BE}.Ad-Hoc|iPhone.Build.0 = Release|Any CPU
		{2CF5E868-1098-4C6D-9001-27D8DC0D87BE}.Ad-Hoc|iPhoneSimulator.ActiveCfg = Release|Any CPU
		{2CF5E868-1098-4C6D-9001-27D8DC0D87BE}.Ad-Hoc|iPhoneSimulator.Build.0 = Release|Any CPU
		{2CF5E868-1098-4C6D-9001-27D8DC0D87BE}.Ad-Hoc|x64.ActiveCfg = Release|Any CPU
		{2CF5E868-1098-4C6D-9001-27D8DC0D87BE}.Ad-Hoc|x64.Build.0 = Release|Any CPU
		{2CF5E868-1098-4C6D-9001-27D8DC0D87BE}.Ad-Hoc|x86.ActiveCfg = Release|Any CPU
		{2CF5E868-1098-4C6D-9001-27D8DC0D87BE}.Ad-Hoc|x86.Build.0 = Release|Any CPU
		{2CF5E868-1098-4C6D-9001-27D8DC0D87BE}.AppStore|Any CPU.ActiveCfg = Release|Any CPU
		{2CF5E868-1098-4C6D-9001-27D8DC0D87BE}.AppStore|Any CPU.Build.0 = Release|Any CPU
		{2CF5E868-1098-4C6D-9001-27D8DC0D87BE}.AppStore|ARM.ActiveCfg = Release|Any CPU
		{2CF5E868-1098-4C6D-9001-27D8DC0D87BE}.AppStore|ARM.Build.0 = Release|Any CPU
		{2CF5E868-1098-4C6D-9001-27D8DC0D87BE}.AppStore|iPhone.ActiveCfg = Release|Any CPU
		{2CF5E868-1098-4C6D-9001-27D8DC0D87BE}.AppStore|iPhone.Build.0 = Release|Any CPU
		{2CF5E868-1098-4C6D-9001-27D8DC0D87BE}.AppStore|iPhoneSimulator.ActiveCfg = Release|Any CPU
		{2CF5E868-1098-4C6D-9001-27D8DC0D87BE}.AppStore|iPhoneSimulator.Build.0 = Release|Any CPU
		{2CF5E868-1098-4C6D-9001-27D8DC0D87BE}.AppStore|x64.ActiveCfg = Release|Any CPU
		{2CF5E868-1098-4C6D-9001-27D8DC0D87BE}.AppStore|x64.Build.0 = Release|Any CPU
		{2CF5E868-1098-4C6D-9001-27D8DC0D87BE}.AppStore|x86.ActiveCfg = Release|Any CPU
		{2CF5E868-1098-4C6D-9001-27D8DC0D87BE}.AppStore|x86.Build.0 = Release|Any CPU
		{2CF5E868-1098-4C6D-9001-27D8DC0D87BE}.Debug|Any CPU.ActiveCfg = Debug|Any CPU
		{2CF5E868-1098-4C6D-9001-27D8DC0D87BE}.Debug|Any CPU.Build.0 = Debug|Any CPU
		{2CF5E868-1098-4C6D-9001-27D8DC0D87BE}.Debug|ARM.ActiveCfg = Debug|Any CPU
		{2CF5E868-1098-4C6D-9001-27D8DC0D87BE}.Debug|iPhone.ActiveCfg = Debug|Any CPU
		{2CF5E868-1098-4C6D-9001-27D8DC0D87BE}.Debug|iPhone.Build.0 = Debug|Any CPU
		{2CF5E868-1098-4C6D-9001-27D8DC0D87BE}.Debug|iPhoneSimulator.ActiveCfg = Debug|Any CPU
		{2CF5E868-1098-4C6D-9001-27D8DC0D87BE}.Debug|x64.ActiveCfg = Debug|Any CPU
		{2CF5E868-1098-4C6D-9001-27D8DC0D87BE}.Debug|x86.ActiveCfg = Debug|Any CPU
		{2CF5E868-1098-4C6D-9001-27D8DC0D87BE}.Release|Any CPU.ActiveCfg = Release|Any CPU
		{2CF5E868-1098-4C6D-9001-27D8DC0D87BE}.Release|Any CPU.Build.0 = Release|Any CPU
		{2CF5E868-1098-4C6D-9001-27D8DC0D87BE}.Release|ARM.ActiveCfg = Release|Any CPU
		{2CF5E868-1098-4C6D-9001-27D8DC0D87BE}.Release|iPhone.ActiveCfg = Release|Any CPU
		{2CF5E868-1098-4C6D-9001-27D8DC0D87BE}.Release|iPhone.Build.0 = Release|Any CPU
		{2CF5E868-1098-4C6D-9001-27D8DC0D87BE}.Release|iPhoneSimulator.ActiveCfg = Release|Any CPU
		{2CF5E868-1098-4C6D-9001-27D8DC0D87BE}.Release|iPhoneSimulator.Build.0 = Release|Any CPU
		{2CF5E868-1098-4C6D-9001-27D8DC0D87BE}.Release|x64.ActiveCfg = Release|Any CPU
		{2CF5E868-1098-4C6D-9001-27D8DC0D87BE}.Release|x86.ActiveCfg = Release|Any CPU
		{5876144B-47DD-4C4E-B421-BC03F191B996}.Ad-Hoc|Any CPU.ActiveCfg = Release|Any CPU
		{5876144B-47DD-4C4E-B421-BC03F191B996}.Ad-Hoc|Any CPU.Build.0 = Release|Any CPU
		{5876144B-47DD-4C4E-B421-BC03F191B996}.Ad-Hoc|ARM.ActiveCfg = Release|ARM
		{5876144B-47DD-4C4E-B421-BC03F191B996}.Ad-Hoc|ARM.Build.0 = Release|ARM
		{5876144B-47DD-4C4E-B421-BC03F191B996}.Ad-Hoc|iPhone.ActiveCfg = Release|Any CPU
		{5876144B-47DD-4C4E-B421-BC03F191B996}.Ad-Hoc|iPhone.Build.0 = Release|Any CPU
		{5876144B-47DD-4C4E-B421-BC03F191B996}.Ad-Hoc|iPhoneSimulator.ActiveCfg = Release|Any CPU
		{5876144B-47DD-4C4E-B421-BC03F191B996}.Ad-Hoc|iPhoneSimulator.Build.0 = Release|Any CPU
		{5876144B-47DD-4C4E-B421-BC03F191B996}.Ad-Hoc|x64.ActiveCfg = Release|Any CPU
		{5876144B-47DD-4C4E-B421-BC03F191B996}.Ad-Hoc|x64.Build.0 = Release|Any CPU
		{5876144B-47DD-4C4E-B421-BC03F191B996}.Ad-Hoc|x86.ActiveCfg = Release|x86
		{5876144B-47DD-4C4E-B421-BC03F191B996}.Ad-Hoc|x86.Build.0 = Release|x86
		{5876144B-47DD-4C4E-B421-BC03F191B996}.AppStore|Any CPU.ActiveCfg = Release|Any CPU
		{5876144B-47DD-4C4E-B421-BC03F191B996}.AppStore|Any CPU.Build.0 = Release|Any CPU
		{5876144B-47DD-4C4E-B421-BC03F191B996}.AppStore|ARM.ActiveCfg = Release|ARM
		{5876144B-47DD-4C4E-B421-BC03F191B996}.AppStore|ARM.Build.0 = Release|ARM
		{5876144B-47DD-4C4E-B421-BC03F191B996}.AppStore|iPhone.ActiveCfg = Release|Any CPU
		{5876144B-47DD-4C4E-B421-BC03F191B996}.AppStore|iPhone.Build.0 = Release|Any CPU
		{5876144B-47DD-4C4E-B421-BC03F191B996}.AppStore|iPhoneSimulator.ActiveCfg = Release|Any CPU
		{5876144B-47DD-4C4E-B421-BC03F191B996}.AppStore|iPhoneSimulator.Build.0 = Release|Any CPU
		{5876144B-47DD-4C4E-B421-BC03F191B996}.AppStore|x64.ActiveCfg = Release|Any CPU
		{5876144B-47DD-4C4E-B421-BC03F191B996}.AppStore|x64.Build.0 = Release|Any CPU
		{5876144B-47DD-4C4E-B421-BC03F191B996}.AppStore|x86.ActiveCfg = Release|x86
		{5876144B-47DD-4C4E-B421-BC03F191B996}.AppStore|x86.Build.0 = Release|x86
		{5876144B-47DD-4C4E-B421-BC03F191B996}.Debug|Any CPU.ActiveCfg = Debug|Any CPU
		{5876144B-47DD-4C4E-B421-BC03F191B996}.Debug|Any CPU.Build.0 = Debug|Any CPU
		{5876144B-47DD-4C4E-B421-BC03F191B996}.Debug|ARM.ActiveCfg = Debug|ARM
		{5876144B-47DD-4C4E-B421-BC03F191B996}.Debug|ARM.Build.0 = Debug|ARM
		{5876144B-47DD-4C4E-B421-BC03F191B996}.Debug|iPhone.ActiveCfg = Debug|Any CPU
		{5876144B-47DD-4C4E-B421-BC03F191B996}.Debug|iPhone.Build.0 = Debug|Any CPU
		{5876144B-47DD-4C4E-B421-BC03F191B996}.Debug|iPhoneSimulator.ActiveCfg = Debug|Any CPU
		{5876144B-47DD-4C4E-B421-BC03F191B996}.Debug|x64.ActiveCfg = Debug|Any CPU
		{5876144B-47DD-4C4E-B421-BC03F191B996}.Debug|x86.ActiveCfg = Debug|x86
		{5876144B-47DD-4C4E-B421-BC03F191B996}.Debug|x86.Build.0 = Debug|x86
		{5876144B-47DD-4C4E-B421-BC03F191B996}.Release|Any CPU.ActiveCfg = Release|Any CPU
		{5876144B-47DD-4C4E-B421-BC03F191B996}.Release|Any CPU.Build.0 = Release|Any CPU
		{5876144B-47DD-4C4E-B421-BC03F191B996}.Release|ARM.ActiveCfg = Release|ARM
		{5876144B-47DD-4C4E-B421-BC03F191B996}.Release|ARM.Build.0 = Release|ARM
		{5876144B-47DD-4C4E-B421-BC03F191B996}.Release|iPhone.ActiveCfg = Release|Any CPU
		{5876144B-47DD-4C4E-B421-BC03F191B996}.Release|iPhone.Build.0 = Release|Any CPU
		{5876144B-47DD-4C4E-B421-BC03F191B996}.Release|iPhoneSimulator.ActiveCfg = Release|Any CPU
		{5876144B-47DD-4C4E-B421-BC03F191B996}.Release|iPhoneSimulator.Build.0 = Release|Any CPU
		{5876144B-47DD-4C4E-B421-BC03F191B996}.Release|x64.ActiveCfg = Release|Any CPU
		{5876144B-47DD-4C4E-B421-BC03F191B996}.Release|x86.ActiveCfg = Release|x86
		{5876144B-47DD-4C4E-B421-BC03F191B996}.Release|x86.Build.0 = Release|x86
		{7169373F-0B82-4E5D-9129-7CC3065B90FA}.Ad-Hoc|Any CPU.ActiveCfg = Release|Any CPU
		{7169373F-0B82-4E5D-9129-7CC3065B90FA}.Ad-Hoc|Any CPU.Build.0 = Release|Any CPU
		{7169373F-0B82-4E5D-9129-7CC3065B90FA}.Ad-Hoc|ARM.ActiveCfg = Release|ARM
		{7169373F-0B82-4E5D-9129-7CC3065B90FA}.Ad-Hoc|ARM.Build.0 = Release|ARM
		{7169373F-0B82-4E5D-9129-7CC3065B90FA}.Ad-Hoc|iPhone.ActiveCfg = Release|Any CPU
		{7169373F-0B82-4E5D-9129-7CC3065B90FA}.Ad-Hoc|iPhone.Build.0 = Release|Any CPU
		{7169373F-0B82-4E5D-9129-7CC3065B90FA}.Ad-Hoc|iPhoneSimulator.ActiveCfg = Release|Any CPU
		{7169373F-0B82-4E5D-9129-7CC3065B90FA}.Ad-Hoc|iPhoneSimulator.Build.0 = Release|Any CPU
		{7169373F-0B82-4E5D-9129-7CC3065B90FA}.Ad-Hoc|x64.ActiveCfg = Release|Any CPU
		{7169373F-0B82-4E5D-9129-7CC3065B90FA}.Ad-Hoc|x64.Build.0 = Release|Any CPU
		{7169373F-0B82-4E5D-9129-7CC3065B90FA}.Ad-Hoc|x86.ActiveCfg = Release|x86
		{7169373F-0B82-4E5D-9129-7CC3065B90FA}.Ad-Hoc|x86.Build.0 = Release|x86
		{7169373F-0B82-4E5D-9129-7CC3065B90FA}.AppStore|Any CPU.ActiveCfg = Release|Any CPU
		{7169373F-0B82-4E5D-9129-7CC3065B90FA}.AppStore|Any CPU.Build.0 = Release|Any CPU
		{7169373F-0B82-4E5D-9129-7CC3065B90FA}.AppStore|ARM.ActiveCfg = Release|ARM
		{7169373F-0B82-4E5D-9129-7CC3065B90FA}.AppStore|ARM.Build.0 = Release|ARM
		{7169373F-0B82-4E5D-9129-7CC3065B90FA}.AppStore|iPhone.ActiveCfg = Release|Any CPU
		{7169373F-0B82-4E5D-9129-7CC3065B90FA}.AppStore|iPhone.Build.0 = Release|Any CPU
		{7169373F-0B82-4E5D-9129-7CC3065B90FA}.AppStore|iPhoneSimulator.ActiveCfg = Release|Any CPU
		{7169373F-0B82-4E5D-9129-7CC3065B90FA}.AppStore|iPhoneSimulator.Build.0 = Release|Any CPU
		{7169373F-0B82-4E5D-9129-7CC3065B90FA}.AppStore|x64.ActiveCfg = Release|Any CPU
		{7169373F-0B82-4E5D-9129-7CC3065B90FA}.AppStore|x64.Build.0 = Release|Any CPU
		{7169373F-0B82-4E5D-9129-7CC3065B90FA}.AppStore|x86.ActiveCfg = Release|x86
		{7169373F-0B82-4E5D-9129-7CC3065B90FA}.AppStore|x86.Build.0 = Release|x86
		{7169373F-0B82-4E5D-9129-7CC3065B90FA}.Debug|Any CPU.ActiveCfg = Debug|Any CPU
		{7169373F-0B82-4E5D-9129-7CC3065B90FA}.Debug|Any CPU.Build.0 = Debug|Any CPU
		{7169373F-0B82-4E5D-9129-7CC3065B90FA}.Debug|ARM.ActiveCfg = Debug|ARM
		{7169373F-0B82-4E5D-9129-7CC3065B90FA}.Debug|ARM.Build.0 = Debug|ARM
		{7169373F-0B82-4E5D-9129-7CC3065B90FA}.Debug|iPhone.ActiveCfg = Debug|Any CPU
		{7169373F-0B82-4E5D-9129-7CC3065B90FA}.Debug|iPhone.Build.0 = Debug|Any CPU
		{7169373F-0B82-4E5D-9129-7CC3065B90FA}.Debug|iPhoneSimulator.ActiveCfg = Debug|Any CPU
		{7169373F-0B82-4E5D-9129-7CC3065B90FA}.Debug|x64.ActiveCfg = Debug|Any CPU
		{7169373F-0B82-4E5D-9129-7CC3065B90FA}.Debug|x86.ActiveCfg = Debug|x86
		{7169373F-0B82-4E5D-9129-7CC3065B90FA}.Debug|x86.Build.0 = Debug|x86
		{7169373F-0B82-4E5D-9129-7CC3065B90FA}.Release|Any CPU.ActiveCfg = Release|Any CPU
		{7169373F-0B82-4E5D-9129-7CC3065B90FA}.Release|Any CPU.Build.0 = Release|Any CPU
		{7169373F-0B82-4E5D-9129-7CC3065B90FA}.Release|ARM.ActiveCfg = Release|ARM
		{7169373F-0B82-4E5D-9129-7CC3065B90FA}.Release|ARM.Build.0 = Release|ARM
		{7169373F-0B82-4E5D-9129-7CC3065B90FA}.Release|iPhone.ActiveCfg = Release|Any CPU
		{7169373F-0B82-4E5D-9129-7CC3065B90FA}.Release|iPhone.Build.0 = Release|Any CPU
		{7169373F-0B82-4E5D-9129-7CC3065B90FA}.Release|iPhoneSimulator.ActiveCfg = Release|Any CPU
		{7169373F-0B82-4E5D-9129-7CC3065B90FA}.Release|iPhoneSimulator.Build.0 = Release|Any CPU
		{7169373F-0B82-4E5D-9129-7CC3065B90FA}.Release|x64.ActiveCfg = Release|Any CPU
		{7169373F-0B82-4E5D-9129-7CC3065B90FA}.Release|x86.ActiveCfg = Release|x86
		{7169373F-0B82-4E5D-9129-7CC3065B90FA}.Release|x86.Build.0 = Release|x86
		{ED9A4CA1-C04C-457D-9A2E-7995CCF12356}.Ad-Hoc|Any CPU.ActiveCfg = Release|Any CPU
		{ED9A4CA1-C04C-457D-9A2E-7995CCF12356}.Ad-Hoc|Any CPU.Build.0 = Release|Any CPU
		{ED9A4CA1-C04C-457D-9A2E-7995CCF12356}.Ad-Hoc|ARM.ActiveCfg = Release|ARM
		{ED9A4CA1-C04C-457D-9A2E-7995CCF12356}.Ad-Hoc|ARM.Build.0 = Release|ARM
		{ED9A4CA1-C04C-457D-9A2E-7995CCF12356}.Ad-Hoc|iPhone.ActiveCfg = Release|Any CPU
		{ED9A4CA1-C04C-457D-9A2E-7995CCF12356}.Ad-Hoc|iPhone.Build.0 = Release|Any CPU
		{ED9A4CA1-C04C-457D-9A2E-7995CCF12356}.Ad-Hoc|iPhoneSimulator.ActiveCfg = Release|Any CPU
		{ED9A4CA1-C04C-457D-9A2E-7995CCF12356}.Ad-Hoc|iPhoneSimulator.Build.0 = Release|Any CPU
		{ED9A4CA1-C04C-457D-9A2E-7995CCF12356}.Ad-Hoc|x64.ActiveCfg = Release|x64
		{ED9A4CA1-C04C-457D-9A2E-7995CCF12356}.Ad-Hoc|x64.Build.0 = Release|x64
		{ED9A4CA1-C04C-457D-9A2E-7995CCF12356}.Ad-Hoc|x86.ActiveCfg = Release|x86
		{ED9A4CA1-C04C-457D-9A2E-7995CCF12356}.Ad-Hoc|x86.Build.0 = Release|x86
		{ED9A4CA1-C04C-457D-9A2E-7995CCF12356}.AppStore|Any CPU.ActiveCfg = Release|Any CPU
		{ED9A4CA1-C04C-457D-9A2E-7995CCF12356}.AppStore|Any CPU.Build.0 = Release|Any CPU
		{ED9A4CA1-C04C-457D-9A2E-7995CCF12356}.AppStore|ARM.ActiveCfg = Release|ARM
		{ED9A4CA1-C04C-457D-9A2E-7995CCF12356}.AppStore|ARM.Build.0 = Release|ARM
		{ED9A4CA1-C04C-457D-9A2E-7995CCF12356}.AppStore|iPhone.ActiveCfg = Release|Any CPU
		{ED9A4CA1-C04C-457D-9A2E-7995CCF12356}.AppStore|iPhone.Build.0 = Release|Any CPU
		{ED9A4CA1-C04C-457D-9A2E-7995CCF12356}.AppStore|iPhoneSimulator.ActiveCfg = Release|Any CPU
		{ED9A4CA1-C04C-457D-9A2E-7995CCF12356}.AppStore|iPhoneSimulator.Build.0 = Release|Any CPU
		{ED9A4CA1-C04C-457D-9A2E-7995CCF12356}.AppStore|x64.ActiveCfg = Release|x64
		{ED9A4CA1-C04C-457D-9A2E-7995CCF12356}.AppStore|x64.Build.0 = Release|x64
		{ED9A4CA1-C04C-457D-9A2E-7995CCF12356}.AppStore|x86.ActiveCfg = Release|x86
		{ED9A4CA1-C04C-457D-9A2E-7995CCF12356}.AppStore|x86.Build.0 = Release|x86
		{ED9A4CA1-C04C-457D-9A2E-7995CCF12356}.Debug|Any CPU.ActiveCfg = Debug|Any CPU
		{ED9A4CA1-C04C-457D-9A2E-7995CCF12356}.Debug|Any CPU.Build.0 = Debug|Any CPU
		{ED9A4CA1-C04C-457D-9A2E-7995CCF12356}.Debug|ARM.ActiveCfg = Debug|ARM
		{ED9A4CA1-C04C-457D-9A2E-7995CCF12356}.Debug|ARM.Build.0 = Debug|ARM
		{ED9A4CA1-C04C-457D-9A2E-7995CCF12356}.Debug|iPhone.ActiveCfg = Debug|Any CPU
		{ED9A4CA1-C04C-457D-9A2E-7995CCF12356}.Debug|iPhone.Build.0 = Debug|Any CPU
		{ED9A4CA1-C04C-457D-9A2E-7995CCF12356}.Debug|iPhoneSimulator.ActiveCfg = Debug|Any CPU
		{ED9A4CA1-C04C-457D-9A2E-7995CCF12356}.Debug|x64.ActiveCfg = Debug|x64
		{ED9A4CA1-C04C-457D-9A2E-7995CCF12356}.Debug|x64.Build.0 = Debug|x64
		{ED9A4CA1-C04C-457D-9A2E-7995CCF12356}.Debug|x86.ActiveCfg = Debug|x86
		{ED9A4CA1-C04C-457D-9A2E-7995CCF12356}.Debug|x86.Build.0 = Debug|x86
		{ED9A4CA1-C04C-457D-9A2E-7995CCF12356}.Release|Any CPU.ActiveCfg = Release|Any CPU
		{ED9A4CA1-C04C-457D-9A2E-7995CCF12356}.Release|Any CPU.Build.0 = Release|Any CPU
		{ED9A4CA1-C04C-457D-9A2E-7995CCF12356}.Release|ARM.ActiveCfg = Release|ARM
		{ED9A4CA1-C04C-457D-9A2E-7995CCF12356}.Release|ARM.Build.0 = Release|ARM
		{ED9A4CA1-C04C-457D-9A2E-7995CCF12356}.Release|iPhone.ActiveCfg = Release|Any CPU
		{ED9A4CA1-C04C-457D-9A2E-7995CCF12356}.Release|iPhone.Build.0 = Release|Any CPU
		{ED9A4CA1-C04C-457D-9A2E-7995CCF12356}.Release|iPhoneSimulator.ActiveCfg = Release|Any CPU
		{ED9A4CA1-C04C-457D-9A2E-7995CCF12356}.Release|iPhoneSimulator.Build.0 = Release|Any CPU
		{ED9A4CA1-C04C-457D-9A2E-7995CCF12356}.Release|x64.ActiveCfg = Release|x64
		{ED9A4CA1-C04C-457D-9A2E-7995CCF12356}.Release|x64.Build.0 = Release|x64
		{ED9A4CA1-C04C-457D-9A2E-7995CCF12356}.Release|x86.ActiveCfg = Release|x86
		{ED9A4CA1-C04C-457D-9A2E-7995CCF12356}.Release|x86.Build.0 = Release|x86
		{EFC0655A-C5B8-4B71-B130-3BA06F43287D}.Ad-Hoc|Any CPU.ActiveCfg = Release|Any CPU
		{EFC0655A-C5B8-4B71-B130-3BA06F43287D}.Ad-Hoc|Any CPU.Build.0 = Release|Any CPU
		{EFC0655A-C5B8-4B71-B130-3BA06F43287D}.Ad-Hoc|ARM.ActiveCfg = Release|Any CPU
		{EFC0655A-C5B8-4B71-B130-3BA06F43287D}.Ad-Hoc|ARM.Build.0 = Release|Any CPU
		{EFC0655A-C5B8-4B71-B130-3BA06F43287D}.Ad-Hoc|iPhone.ActiveCfg = Release|Any CPU
		{EFC0655A-C5B8-4B71-B130-3BA06F43287D}.Ad-Hoc|iPhone.Build.0 = Release|Any CPU
		{EFC0655A-C5B8-4B71-B130-3BA06F43287D}.Ad-Hoc|iPhoneSimulator.ActiveCfg = Release|Any CPU
		{EFC0655A-C5B8-4B71-B130-3BA06F43287D}.Ad-Hoc|iPhoneSimulator.Build.0 = Release|Any CPU
		{EFC0655A-C5B8-4B71-B130-3BA06F43287D}.Ad-Hoc|x64.ActiveCfg = Release|Any CPU
		{EFC0655A-C5B8-4B71-B130-3BA06F43287D}.Ad-Hoc|x64.Build.0 = Release|Any CPU
		{EFC0655A-C5B8-4B71-B130-3BA06F43287D}.Ad-Hoc|x86.ActiveCfg = Release|Any CPU
		{EFC0655A-C5B8-4B71-B130-3BA06F43287D}.Ad-Hoc|x86.Build.0 = Release|Any CPU
		{EFC0655A-C5B8-4B71-B130-3BA06F43287D}.AppStore|Any CPU.ActiveCfg = Release|Any CPU
		{EFC0655A-C5B8-4B71-B130-3BA06F43287D}.AppStore|Any CPU.Build.0 = Release|Any CPU
		{EFC0655A-C5B8-4B71-B130-3BA06F43287D}.AppStore|ARM.ActiveCfg = Release|Any CPU
		{EFC0655A-C5B8-4B71-B130-3BA06F43287D}.AppStore|ARM.Build.0 = Release|Any CPU
		{EFC0655A-C5B8-4B71-B130-3BA06F43287D}.AppStore|iPhone.ActiveCfg = Release|Any CPU
		{EFC0655A-C5B8-4B71-B130-3BA06F43287D}.AppStore|iPhone.Build.0 = Release|Any CPU
		{EFC0655A-C5B8-4B71-B130-3BA06F43287D}.AppStore|iPhoneSimulator.ActiveCfg = Release|Any CPU
		{EFC0655A-C5B8-4B71-B130-3BA06F43287D}.AppStore|iPhoneSimulator.Build.0 = Release|Any CPU
		{EFC0655A-C5B8-4B71-B130-3BA06F43287D}.AppStore|x64.ActiveCfg = Release|Any CPU
		{EFC0655A-C5B8-4B71-B130-3BA06F43287D}.AppStore|x64.Build.0 = Release|Any CPU
		{EFC0655A-C5B8-4B71-B130-3BA06F43287D}.AppStore|x86.ActiveCfg = Release|Any CPU
		{EFC0655A-C5B8-4B71-B130-3BA06F43287D}.AppStore|x86.Build.0 = Release|Any CPU
		{EFC0655A-C5B8-4B71-B130-3BA06F43287D}.Debug|Any CPU.ActiveCfg = Debug|Any CPU
		{EFC0655A-C5B8-4B71-B130-3BA06F43287D}.Debug|Any CPU.Build.0 = Debug|Any CPU
		{EFC0655A-C5B8-4B71-B130-3BA06F43287D}.Debug|ARM.ActiveCfg = Debug|Any CPU
		{EFC0655A-C5B8-4B71-B130-3BA06F43287D}.Debug|ARM.Build.0 = Debug|Any CPU
		{EFC0655A-C5B8-4B71-B130-3BA06F43287D}.Debug|iPhone.ActiveCfg = Debug|Any CPU
		{EFC0655A-C5B8-4B71-B130-3BA06F43287D}.Debug|iPhone.Build.0 = Debug|Any CPU
		{EFC0655A-C5B8-4B71-B130-3BA06F43287D}.Debug|iPhoneSimulator.ActiveCfg = Debug|Any CPU
		{EFC0655A-C5B8-4B71-B130-3BA06F43287D}.Debug|iPhoneSimulator.Build.0 = Debug|Any CPU
		{EFC0655A-C5B8-4B71-B130-3BA06F43287D}.Debug|x64.ActiveCfg = Debug|Any CPU
		{EFC0655A-C5B8-4B71-B130-3BA06F43287D}.Debug|x64.Build.0 = Debug|Any CPU
		{EFC0655A-C5B8-4B71-B130-3BA06F43287D}.Debug|x86.ActiveCfg = Debug|Any CPU
		{EFC0655A-C5B8-4B71-B130-3BA06F43287D}.Debug|x86.Build.0 = Debug|Any CPU
		{EFC0655A-C5B8-4B71-B130-3BA06F43287D}.Release|Any CPU.ActiveCfg = Release|Any CPU
		{EFC0655A-C5B8-4B71-B130-3BA06F43287D}.Release|Any CPU.Build.0 = Release|Any CPU
		{EFC0655A-C5B8-4B71-B130-3BA06F43287D}.Release|ARM.ActiveCfg = Release|Any CPU
		{EFC0655A-C5B8-4B71-B130-3BA06F43287D}.Release|ARM.Build.0 = Release|Any CPU
		{EFC0655A-C5B8-4B71-B130-3BA06F43287D}.Release|iPhone.ActiveCfg = Release|Any CPU
		{EFC0655A-C5B8-4B71-B130-3BA06F43287D}.Release|iPhone.Build.0 = Release|Any CPU
		{EFC0655A-C5B8-4B71-B130-3BA06F43287D}.Release|iPhoneSimulator.ActiveCfg = Release|Any CPU
		{EFC0655A-C5B8-4B71-B130-3BA06F43287D}.Release|iPhoneSimulator.Build.0 = Release|Any CPU
		{EFC0655A-C5B8-4B71-B130-3BA06F43287D}.Release|x64.ActiveCfg = Release|Any CPU
		{EFC0655A-C5B8-4B71-B130-3BA06F43287D}.Release|x64.Build.0 = Release|Any CPU
		{EFC0655A-C5B8-4B71-B130-3BA06F43287D}.Release|x86.ActiveCfg = Release|Any CPU
		{EFC0655A-C5B8-4B71-B130-3BA06F43287D}.Release|x86.Build.0 = Release|Any CPU
		{FE3664B1-72BA-4C7B-A896-738A15F48A9B}.Ad-Hoc|Any CPU.ActiveCfg = Release|Any CPU
		{FE3664B1-72BA-4C7B-A896-738A15F48A9B}.Ad-Hoc|Any CPU.Build.0 = Release|Any CPU
		{FE3664B1-72BA-4C7B-A896-738A15F48A9B}.Ad-Hoc|ARM.ActiveCfg = Release|Any CPU
		{FE3664B1-72BA-4C7B-A896-738A15F48A9B}.Ad-Hoc|iPhone.ActiveCfg = Release|Any CPU
		{FE3664B1-72BA-4C7B-A896-738A15F48A9B}.Ad-Hoc|iPhoneSimulator.ActiveCfg = Release|Any CPU
		{FE3664B1-72BA-4C7B-A896-738A15F48A9B}.Ad-Hoc|x64.ActiveCfg = Release|Any CPU
		{FE3664B1-72BA-4C7B-A896-738A15F48A9B}.Ad-Hoc|x86.ActiveCfg = Release|Any CPU
		{FE3664B1-72BA-4C7B-A896-738A15F48A9B}.AppStore|Any CPU.ActiveCfg = Release|Any CPU
		{FE3664B1-72BA-4C7B-A896-738A15F48A9B}.AppStore|Any CPU.Build.0 = Release|Any CPU
		{FE3664B1-72BA-4C7B-A896-738A15F48A9B}.AppStore|ARM.ActiveCfg = Release|Any CPU
		{FE3664B1-72BA-4C7B-A896-738A15F48A9B}.AppStore|iPhone.ActiveCfg = Release|Any CPU
		{FE3664B1-72BA-4C7B-A896-738A15F48A9B}.AppStore|iPhoneSimulator.ActiveCfg = Release|Any CPU
		{FE3664B1-72BA-4C7B-A896-738A15F48A9B}.AppStore|x64.ActiveCfg = Release|Any CPU
		{FE3664B1-72BA-4C7B-A896-738A15F48A9B}.AppStore|x86.ActiveCfg = Release|Any CPU
		{FE3664B1-72BA-4C7B-A896-738A15F48A9B}.Debug|Any CPU.ActiveCfg = Debug|Any CPU
		{FE3664B1-72BA-4C7B-A896-738A15F48A9B}.Debug|Any CPU.Build.0 = Debug|Any CPU
		{FE3664B1-72BA-4C7B-A896-738A15F48A9B}.Debug|ARM.ActiveCfg = Debug|Any CPU
		{FE3664B1-72BA-4C7B-A896-738A15F48A9B}.Debug|iPhone.ActiveCfg = Debug|Any CPU
		{FE3664B1-72BA-4C7B-A896-738A15F48A9B}.Debug|iPhoneSimulator.ActiveCfg = Debug|Any CPU
		{FE3664B1-72BA-4C7B-A896-738A15F48A9B}.Debug|x64.ActiveCfg = Debug|Any CPU
		{FE3664B1-72BA-4C7B-A896-738A15F48A9B}.Debug|x86.ActiveCfg = Debug|Any CPU
		{FE3664B1-72BA-4C7B-A896-738A15F48A9B}.Release|Any CPU.ActiveCfg = Release|Any CPU
		{FE3664B1-72BA-4C7B-A896-738A15F48A9B}.Release|Any CPU.Build.0 = Release|Any CPU
		{FE3664B1-72BA-4C7B-A896-738A15F48A9B}.Release|ARM.ActiveCfg = Release|Any CPU
		{FE3664B1-72BA-4C7B-A896-738A15F48A9B}.Release|iPhone.ActiveCfg = Release|Any CPU
		{FE3664B1-72BA-4C7B-A896-738A15F48A9B}.Release|iPhoneSimulator.ActiveCfg = Release|Any CPU
		{FE3664B1-72BA-4C7B-A896-738A15F48A9B}.Release|x64.ActiveCfg = Release|Any CPU
		{FE3664B1-72BA-4C7B-A896-738A15F48A9B}.Release|x86.ActiveCfg = Release|Any CPU
		{A6E5249D-C10D-4966-8919-5F4ADAD98C7C}.Ad-Hoc|Any CPU.ActiveCfg = Release|Any CPU
		{A6E5249D-C10D-4966-8919-5F4ADAD98C7C}.Ad-Hoc|Any CPU.Build.0 = Release|Any CPU
		{A6E5249D-C10D-4966-8919-5F4ADAD98C7C}.Ad-Hoc|ARM.ActiveCfg = Release|Any CPU
		{A6E5249D-C10D-4966-8919-5F4ADAD98C7C}.Ad-Hoc|iPhone.ActiveCfg = Release|Any CPU
		{A6E5249D-C10D-4966-8919-5F4ADAD98C7C}.Ad-Hoc|iPhoneSimulator.ActiveCfg = Release|Any CPU
		{A6E5249D-C10D-4966-8919-5F4ADAD98C7C}.Ad-Hoc|x64.ActiveCfg = Release|Any CPU
		{A6E5249D-C10D-4966-8919-5F4ADAD98C7C}.Ad-Hoc|x86.ActiveCfg = Release|Any CPU
		{A6E5249D-C10D-4966-8919-5F4ADAD98C7C}.AppStore|Any CPU.ActiveCfg = Release|Any CPU
		{A6E5249D-C10D-4966-8919-5F4ADAD98C7C}.AppStore|Any CPU.Build.0 = Release|Any CPU
		{A6E5249D-C10D-4966-8919-5F4ADAD98C7C}.AppStore|ARM.ActiveCfg = Release|Any CPU
		{A6E5249D-C10D-4966-8919-5F4ADAD98C7C}.AppStore|iPhone.ActiveCfg = Release|Any CPU
		{A6E5249D-C10D-4966-8919-5F4ADAD98C7C}.AppStore|iPhoneSimulator.ActiveCfg = Release|Any CPU
		{A6E5249D-C10D-4966-8919-5F4ADAD98C7C}.AppStore|x64.ActiveCfg = Release|Any CPU
		{A6E5249D-C10D-4966-8919-5F4ADAD98C7C}.AppStore|x86.ActiveCfg = Release|Any CPU
		{A6E5249D-C10D-4966-8919-5F4ADAD98C7C}.Debug|Any CPU.ActiveCfg = Debug|Any CPU
		{A6E5249D-C10D-4966-8919-5F4ADAD98C7C}.Debug|Any CPU.Build.0 = Debug|Any CPU
		{A6E5249D-C10D-4966-8919-5F4ADAD98C7C}.Debug|ARM.ActiveCfg = Debug|Any CPU
		{A6E5249D-C10D-4966-8919-5F4ADAD98C7C}.Debug|iPhone.ActiveCfg = Debug|Any CPU
		{A6E5249D-C10D-4966-8919-5F4ADAD98C7C}.Debug|iPhoneSimulator.ActiveCfg = Debug|Any CPU
		{A6E5249D-C10D-4966-8919-5F4ADAD98C7C}.Debug|x64.ActiveCfg = Debug|Any CPU
		{A6E5249D-C10D-4966-8919-5F4ADAD98C7C}.Debug|x86.ActiveCfg = Debug|Any CPU
		{A6E5249D-C10D-4966-8919-5F4ADAD98C7C}.Release|Any CPU.ActiveCfg = Release|Any CPU
		{A6E5249D-C10D-4966-8919-5F4ADAD98C7C}.Release|Any CPU.Build.0 = Release|Any CPU
		{A6E5249D-C10D-4966-8919-5F4ADAD98C7C}.Release|ARM.ActiveCfg = Release|Any CPU
		{A6E5249D-C10D-4966-8919-5F4ADAD98C7C}.Release|iPhone.ActiveCfg = Release|Any CPU
		{A6E5249D-C10D-4966-8919-5F4ADAD98C7C}.Release|iPhoneSimulator.ActiveCfg = Release|Any CPU
		{A6E5249D-C10D-4966-8919-5F4ADAD98C7C}.Release|x64.ActiveCfg = Release|Any CPU
		{A6E5249D-C10D-4966-8919-5F4ADAD98C7C}.Release|x86.ActiveCfg = Release|Any CPU
		{15371BE7-C46D-40AE-BEF1-8F44497E696D}.Ad-Hoc|Any CPU.ActiveCfg = Release|Any CPU
		{15371BE7-C46D-40AE-BEF1-8F44497E696D}.Ad-Hoc|Any CPU.Build.0 = Release|Any CPU
		{15371BE7-C46D-40AE-BEF1-8F44497E696D}.Ad-Hoc|ARM.ActiveCfg = Release|ARM
		{15371BE7-C46D-40AE-BEF1-8F44497E696D}.Ad-Hoc|ARM.Build.0 = Release|ARM
		{15371BE7-C46D-40AE-BEF1-8F44497E696D}.Ad-Hoc|iPhone.ActiveCfg = Release|Any CPU
		{15371BE7-C46D-40AE-BEF1-8F44497E696D}.Ad-Hoc|iPhone.Build.0 = Release|Any CPU
		{15371BE7-C46D-40AE-BEF1-8F44497E696D}.Ad-Hoc|iPhoneSimulator.ActiveCfg = Release|Any CPU
		{15371BE7-C46D-40AE-BEF1-8F44497E696D}.Ad-Hoc|iPhoneSimulator.Build.0 = Release|Any CPU
		{15371BE7-C46D-40AE-BEF1-8F44497E696D}.Ad-Hoc|x64.ActiveCfg = Release|x64
		{15371BE7-C46D-40AE-BEF1-8F44497E696D}.Ad-Hoc|x64.Build.0 = Release|x64
		{15371BE7-C46D-40AE-BEF1-8F44497E696D}.Ad-Hoc|x86.ActiveCfg = Release|x86
		{15371BE7-C46D-40AE-BEF1-8F44497E696D}.Ad-Hoc|x86.Build.0 = Release|x86
		{15371BE7-C46D-40AE-BEF1-8F44497E696D}.AppStore|Any CPU.ActiveCfg = Release|Any CPU
		{15371BE7-C46D-40AE-BEF1-8F44497E696D}.AppStore|Any CPU.Build.0 = Release|Any CPU
		{15371BE7-C46D-40AE-BEF1-8F44497E696D}.AppStore|ARM.ActiveCfg = Release|ARM
		{15371BE7-C46D-40AE-BEF1-8F44497E696D}.AppStore|ARM.Build.0 = Release|ARM
		{15371BE7-C46D-40AE-BEF1-8F44497E696D}.AppStore|iPhone.ActiveCfg = Release|Any CPU
		{15371BE7-C46D-40AE-BEF1-8F44497E696D}.AppStore|iPhone.Build.0 = Release|Any CPU
		{15371BE7-C46D-40AE-BEF1-8F44497E696D}.AppStore|iPhoneSimulator.ActiveCfg = Release|Any CPU
		{15371BE7-C46D-40AE-BEF1-8F44497E696D}.AppStore|iPhoneSimulator.Build.0 = Release|Any CPU
		{15371BE7-C46D-40AE-BEF1-8F44497E696D}.AppStore|x64.ActiveCfg = Release|x64
		{15371BE7-C46D-40AE-BEF1-8F44497E696D}.AppStore|x64.Build.0 = Release|x64
		{15371BE7-C46D-40AE-BEF1-8F44497E696D}.AppStore|x86.ActiveCfg = Release|x86
		{15371BE7-C46D-40AE-BEF1-8F44497E696D}.AppStore|x86.Build.0 = Release|x86
		{15371BE7-C46D-40AE-BEF1-8F44497E696D}.Debug|Any CPU.ActiveCfg = Debug|Any CPU
		{15371BE7-C46D-40AE-BEF1-8F44497E696D}.Debug|Any CPU.Build.0 = Debug|Any CPU
		{15371BE7-C46D-40AE-BEF1-8F44497E696D}.Debug|ARM.ActiveCfg = Debug|ARM
		{15371BE7-C46D-40AE-BEF1-8F44497E696D}.Debug|ARM.Build.0 = Debug|ARM
		{15371BE7-C46D-40AE-BEF1-8F44497E696D}.Debug|iPhone.ActiveCfg = Debug|Any CPU
		{15371BE7-C46D-40AE-BEF1-8F44497E696D}.Debug|iPhone.Build.0 = Debug|Any CPU
		{15371BE7-C46D-40AE-BEF1-8F44497E696D}.Debug|iPhoneSimulator.ActiveCfg = Debug|Any CPU
		{15371BE7-C46D-40AE-BEF1-8F44497E696D}.Debug|iPhoneSimulator.Build.0 = Debug|Any CPU
		{15371BE7-C46D-40AE-BEF1-8F44497E696D}.Debug|x64.ActiveCfg = Debug|x64
		{15371BE7-C46D-40AE-BEF1-8F44497E696D}.Debug|x64.Build.0 = Debug|x64
		{15371BE7-C46D-40AE-BEF1-8F44497E696D}.Debug|x86.ActiveCfg = Debug|x86
		{15371BE7-C46D-40AE-BEF1-8F44497E696D}.Debug|x86.Build.0 = Debug|x86
		{15371BE7-C46D-40AE-BEF1-8F44497E696D}.Release|Any CPU.ActiveCfg = Release|Any CPU
		{15371BE7-C46D-40AE-BEF1-8F44497E696D}.Release|Any CPU.Build.0 = Release|Any CPU
		{15371BE7-C46D-40AE-BEF1-8F44497E696D}.Release|ARM.ActiveCfg = Release|ARM
		{15371BE7-C46D-40AE-BEF1-8F44497E696D}.Release|ARM.Build.0 = Release|ARM
		{15371BE7-C46D-40AE-BEF1-8F44497E696D}.Release|iPhone.ActiveCfg = Release|Any CPU
		{15371BE7-C46D-40AE-BEF1-8F44497E696D}.Release|iPhone.Build.0 = Release|Any CPU
		{15371BE7-C46D-40AE-BEF1-8F44497E696D}.Release|iPhoneSimulator.ActiveCfg = Release|Any CPU
		{15371BE7-C46D-40AE-BEF1-8F44497E696D}.Release|iPhoneSimulator.Build.0 = Release|Any CPU
		{15371BE7-C46D-40AE-BEF1-8F44497E696D}.Release|x64.ActiveCfg = Release|x64
		{15371BE7-C46D-40AE-BEF1-8F44497E696D}.Release|x64.Build.0 = Release|x64
		{15371BE7-C46D-40AE-BEF1-8F44497E696D}.Release|x86.ActiveCfg = Release|x86
		{15371BE7-C46D-40AE-BEF1-8F44497E696D}.Release|x86.Build.0 = Release|x86
		{C9C9B3C8-98A4-433E-AADE-2ECA55E7D879}.Ad-Hoc|Any CPU.ActiveCfg = Release|x86
		{C9C9B3C8-98A4-433E-AADE-2ECA55E7D879}.Ad-Hoc|Any CPU.Build.0 = Release|x86
		{C9C9B3C8-98A4-433E-AADE-2ECA55E7D879}.Ad-Hoc|Any CPU.Deploy.0 = Release|x86
		{C9C9B3C8-98A4-433E-AADE-2ECA55E7D879}.Ad-Hoc|ARM.ActiveCfg = Release|ARM
		{C9C9B3C8-98A4-433E-AADE-2ECA55E7D879}.Ad-Hoc|ARM.Build.0 = Release|ARM
		{C9C9B3C8-98A4-433E-AADE-2ECA55E7D879}.Ad-Hoc|ARM.Deploy.0 = Release|ARM
		{C9C9B3C8-98A4-433E-AADE-2ECA55E7D879}.Ad-Hoc|iPhone.ActiveCfg = Release|x86
		{C9C9B3C8-98A4-433E-AADE-2ECA55E7D879}.Ad-Hoc|iPhone.Build.0 = Release|x86
		{C9C9B3C8-98A4-433E-AADE-2ECA55E7D879}.Ad-Hoc|iPhone.Deploy.0 = Release|x86
		{C9C9B3C8-98A4-433E-AADE-2ECA55E7D879}.Ad-Hoc|iPhoneSimulator.ActiveCfg = Release|x86
		{C9C9B3C8-98A4-433E-AADE-2ECA55E7D879}.Ad-Hoc|iPhoneSimulator.Build.0 = Release|x86
		{C9C9B3C8-98A4-433E-AADE-2ECA55E7D879}.Ad-Hoc|iPhoneSimulator.Deploy.0 = Release|x86
		{C9C9B3C8-98A4-433E-AADE-2ECA55E7D879}.Ad-Hoc|x64.ActiveCfg = Release|x64
		{C9C9B3C8-98A4-433E-AADE-2ECA55E7D879}.Ad-Hoc|x64.Build.0 = Release|x64
		{C9C9B3C8-98A4-433E-AADE-2ECA55E7D879}.Ad-Hoc|x64.Deploy.0 = Release|x64
		{C9C9B3C8-98A4-433E-AADE-2ECA55E7D879}.Ad-Hoc|x86.ActiveCfg = Release|x86
		{C9C9B3C8-98A4-433E-AADE-2ECA55E7D879}.Ad-Hoc|x86.Build.0 = Release|x86
		{C9C9B3C8-98A4-433E-AADE-2ECA55E7D879}.Ad-Hoc|x86.Deploy.0 = Release|x86
		{C9C9B3C8-98A4-433E-AADE-2ECA55E7D879}.AppStore|Any CPU.ActiveCfg = Release|x86
		{C9C9B3C8-98A4-433E-AADE-2ECA55E7D879}.AppStore|Any CPU.Build.0 = Release|x86
		{C9C9B3C8-98A4-433E-AADE-2ECA55E7D879}.AppStore|Any CPU.Deploy.0 = Release|x86
		{C9C9B3C8-98A4-433E-AADE-2ECA55E7D879}.AppStore|ARM.ActiveCfg = Release|ARM
		{C9C9B3C8-98A4-433E-AADE-2ECA55E7D879}.AppStore|ARM.Build.0 = Release|ARM
		{C9C9B3C8-98A4-433E-AADE-2ECA55E7D879}.AppStore|ARM.Deploy.0 = Release|ARM
		{C9C9B3C8-98A4-433E-AADE-2ECA55E7D879}.AppStore|iPhone.ActiveCfg = Release|x86
		{C9C9B3C8-98A4-433E-AADE-2ECA55E7D879}.AppStore|iPhone.Build.0 = Release|x86
		{C9C9B3C8-98A4-433E-AADE-2ECA55E7D879}.AppStore|iPhone.Deploy.0 = Release|x86
		{C9C9B3C8-98A4-433E-AADE-2ECA55E7D879}.AppStore|iPhoneSimulator.ActiveCfg = Release|x86
		{C9C9B3C8-98A4-433E-AADE-2ECA55E7D879}.AppStore|iPhoneSimulator.Build.0 = Release|x86
		{C9C9B3C8-98A4-433E-AADE-2ECA55E7D879}.AppStore|iPhoneSimulator.Deploy.0 = Release|x86
		{C9C9B3C8-98A4-433E-AADE-2ECA55E7D879}.AppStore|x64.ActiveCfg = Release|x64
		{C9C9B3C8-98A4-433E-AADE-2ECA55E7D879}.AppStore|x64.Build.0 = Release|x64
		{C9C9B3C8-98A4-433E-AADE-2ECA55E7D879}.AppStore|x64.Deploy.0 = Release|x64
		{C9C9B3C8-98A4-433E-AADE-2ECA55E7D879}.AppStore|x86.ActiveCfg = Release|x86
		{C9C9B3C8-98A4-433E-AADE-2ECA55E7D879}.AppStore|x86.Build.0 = Release|x86
		{C9C9B3C8-98A4-433E-AADE-2ECA55E7D879}.AppStore|x86.Deploy.0 = Release|x86
		{C9C9B3C8-98A4-433E-AADE-2ECA55E7D879}.Debug|Any CPU.ActiveCfg = Debug|x86
		{C9C9B3C8-98A4-433E-AADE-2ECA55E7D879}.Debug|Any CPU.Build.0 = Debug|x86
		{C9C9B3C8-98A4-433E-AADE-2ECA55E7D879}.Debug|Any CPU.Deploy.0 = Debug|x86
		{C9C9B3C8-98A4-433E-AADE-2ECA55E7D879}.Debug|ARM.ActiveCfg = Debug|ARM
		{C9C9B3C8-98A4-433E-AADE-2ECA55E7D879}.Debug|ARM.Build.0 = Debug|ARM
		{C9C9B3C8-98A4-433E-AADE-2ECA55E7D879}.Debug|ARM.Deploy.0 = Debug|ARM
		{C9C9B3C8-98A4-433E-AADE-2ECA55E7D879}.Debug|iPhone.ActiveCfg = Debug|x86
		{C9C9B3C8-98A4-433E-AADE-2ECA55E7D879}.Debug|iPhoneSimulator.ActiveCfg = Debug|x86
		{C9C9B3C8-98A4-433E-AADE-2ECA55E7D879}.Debug|x64.ActiveCfg = Debug|x64
		{C9C9B3C8-98A4-433E-AADE-2ECA55E7D879}.Debug|x64.Build.0 = Debug|x64
		{C9C9B3C8-98A4-433E-AADE-2ECA55E7D879}.Debug|x64.Deploy.0 = Debug|x64
		{C9C9B3C8-98A4-433E-AADE-2ECA55E7D879}.Debug|x86.ActiveCfg = Debug|x86
		{C9C9B3C8-98A4-433E-AADE-2ECA55E7D879}.Debug|x86.Build.0 = Debug|x86
		{C9C9B3C8-98A4-433E-AADE-2ECA55E7D879}.Debug|x86.Deploy.0 = Debug|x86
		{C9C9B3C8-98A4-433E-AADE-2ECA55E7D879}.Release|Any CPU.ActiveCfg = Release|x86
		{C9C9B3C8-98A4-433E-AADE-2ECA55E7D879}.Release|Any CPU.Build.0 = Release|x86
		{C9C9B3C8-98A4-433E-AADE-2ECA55E7D879}.Release|Any CPU.Deploy.0 = Release|x86
		{C9C9B3C8-98A4-433E-AADE-2ECA55E7D879}.Release|ARM.ActiveCfg = Release|ARM
		{C9C9B3C8-98A4-433E-AADE-2ECA55E7D879}.Release|ARM.Build.0 = Release|ARM
		{C9C9B3C8-98A4-433E-AADE-2ECA55E7D879}.Release|ARM.Deploy.0 = Release|ARM
		{C9C9B3C8-98A4-433E-AADE-2ECA55E7D879}.Release|iPhone.ActiveCfg = Release|x86
		{C9C9B3C8-98A4-433E-AADE-2ECA55E7D879}.Release|iPhoneSimulator.ActiveCfg = Release|x86
		{C9C9B3C8-98A4-433E-AADE-2ECA55E7D879}.Release|x64.ActiveCfg = Release|x64
		{C9C9B3C8-98A4-433E-AADE-2ECA55E7D879}.Release|x64.Build.0 = Release|x64
		{C9C9B3C8-98A4-433E-AADE-2ECA55E7D879}.Release|x64.Deploy.0 = Release|x64
		{C9C9B3C8-98A4-433E-AADE-2ECA55E7D879}.Release|x86.ActiveCfg = Release|x86
		{C9C9B3C8-98A4-433E-AADE-2ECA55E7D879}.Release|x86.Build.0 = Release|x86
		{C9C9B3C8-98A4-433E-AADE-2ECA55E7D879}.Release|x86.Deploy.0 = Release|x86
		{67F9D3A8-F71E-4428-913F-C37AE82CDB24}.Ad-Hoc|Any CPU.ActiveCfg = Release|Any CPU
		{67F9D3A8-F71E-4428-913F-C37AE82CDB24}.Ad-Hoc|Any CPU.Build.0 = Release|Any CPU
		{67F9D3A8-F71E-4428-913F-C37AE82CDB24}.Ad-Hoc|ARM.ActiveCfg = Release|Any CPU
		{67F9D3A8-F71E-4428-913F-C37AE82CDB24}.Ad-Hoc|ARM.Build.0 = Release|Any CPU
		{67F9D3A8-F71E-4428-913F-C37AE82CDB24}.Ad-Hoc|iPhone.ActiveCfg = Release|Any CPU
		{67F9D3A8-F71E-4428-913F-C37AE82CDB24}.Ad-Hoc|iPhone.Build.0 = Release|Any CPU
		{67F9D3A8-F71E-4428-913F-C37AE82CDB24}.Ad-Hoc|iPhoneSimulator.ActiveCfg = Release|Any CPU
		{67F9D3A8-F71E-4428-913F-C37AE82CDB24}.Ad-Hoc|iPhoneSimulator.Build.0 = Release|Any CPU
		{67F9D3A8-F71E-4428-913F-C37AE82CDB24}.Ad-Hoc|x64.ActiveCfg = Release|Any CPU
		{67F9D3A8-F71E-4428-913F-C37AE82CDB24}.Ad-Hoc|x64.Build.0 = Release|Any CPU
		{67F9D3A8-F71E-4428-913F-C37AE82CDB24}.Ad-Hoc|x86.ActiveCfg = Release|Any CPU
		{67F9D3A8-F71E-4428-913F-C37AE82CDB24}.Ad-Hoc|x86.Build.0 = Release|Any CPU
		{67F9D3A8-F71E-4428-913F-C37AE82CDB24}.AppStore|Any CPU.ActiveCfg = Release|Any CPU
		{67F9D3A8-F71E-4428-913F-C37AE82CDB24}.AppStore|Any CPU.Build.0 = Release|Any CPU
		{67F9D3A8-F71E-4428-913F-C37AE82CDB24}.AppStore|ARM.ActiveCfg = Release|Any CPU
		{67F9D3A8-F71E-4428-913F-C37AE82CDB24}.AppStore|ARM.Build.0 = Release|Any CPU
		{67F9D3A8-F71E-4428-913F-C37AE82CDB24}.AppStore|iPhone.ActiveCfg = Release|Any CPU
		{67F9D3A8-F71E-4428-913F-C37AE82CDB24}.AppStore|iPhone.Build.0 = Release|Any CPU
		{67F9D3A8-F71E-4428-913F-C37AE82CDB24}.AppStore|iPhoneSimulator.ActiveCfg = Release|Any CPU
		{67F9D3A8-F71E-4428-913F-C37AE82CDB24}.AppStore|iPhoneSimulator.Build.0 = Release|Any CPU
		{67F9D3A8-F71E-4428-913F-C37AE82CDB24}.AppStore|x64.ActiveCfg = Release|Any CPU
		{67F9D3A8-F71E-4428-913F-C37AE82CDB24}.AppStore|x64.Build.0 = Release|Any CPU
		{67F9D3A8-F71E-4428-913F-C37AE82CDB24}.AppStore|x86.ActiveCfg = Release|Any CPU
		{67F9D3A8-F71E-4428-913F-C37AE82CDB24}.AppStore|x86.Build.0 = Release|Any CPU
		{67F9D3A8-F71E-4428-913F-C37AE82CDB24}.Debug|Any CPU.ActiveCfg = Debug|Any CPU
		{67F9D3A8-F71E-4428-913F-C37AE82CDB24}.Debug|Any CPU.Build.0 = Debug|Any CPU
		{67F9D3A8-F71E-4428-913F-C37AE82CDB24}.Debug|ARM.ActiveCfg = Debug|Any CPU
		{67F9D3A8-F71E-4428-913F-C37AE82CDB24}.Debug|ARM.Build.0 = Debug|Any CPU
		{67F9D3A8-F71E-4428-913F-C37AE82CDB24}.Debug|iPhone.ActiveCfg = Debug|Any CPU
		{67F9D3A8-F71E-4428-913F-C37AE82CDB24}.Debug|iPhone.Build.0 = Debug|Any CPU
		{67F9D3A8-F71E-4428-913F-C37AE82CDB24}.Debug|iPhoneSimulator.ActiveCfg = Debug|Any CPU
		{67F9D3A8-F71E-4428-913F-C37AE82CDB24}.Debug|iPhoneSimulator.Build.0 = Debug|Any CPU
		{67F9D3A8-F71E-4428-913F-C37AE82CDB24}.Debug|x64.ActiveCfg = Debug|Any CPU
		{67F9D3A8-F71E-4428-913F-C37AE82CDB24}.Debug|x64.Build.0 = Debug|Any CPU
		{67F9D3A8-F71E-4428-913F-C37AE82CDB24}.Debug|x86.ActiveCfg = Debug|Any CPU
		{67F9D3A8-F71E-4428-913F-C37AE82CDB24}.Debug|x86.Build.0 = Debug|Any CPU
		{67F9D3A8-F71E-4428-913F-C37AE82CDB24}.Release|Any CPU.ActiveCfg = Release|Any CPU
		{67F9D3A8-F71E-4428-913F-C37AE82CDB24}.Release|Any CPU.Build.0 = Release|Any CPU
		{67F9D3A8-F71E-4428-913F-C37AE82CDB24}.Release|ARM.ActiveCfg = Release|Any CPU
		{67F9D3A8-F71E-4428-913F-C37AE82CDB24}.Release|ARM.Build.0 = Release|Any CPU
		{67F9D3A8-F71E-4428-913F-C37AE82CDB24}.Release|iPhone.ActiveCfg = Release|Any CPU
		{67F9D3A8-F71E-4428-913F-C37AE82CDB24}.Release|iPhone.Build.0 = Release|Any CPU
		{67F9D3A8-F71E-4428-913F-C37AE82CDB24}.Release|iPhoneSimulator.ActiveCfg = Release|Any CPU
		{67F9D3A8-F71E-4428-913F-C37AE82CDB24}.Release|iPhoneSimulator.Build.0 = Release|Any CPU
		{67F9D3A8-F71E-4428-913F-C37AE82CDB24}.Release|x64.ActiveCfg = Release|Any CPU
		{67F9D3A8-F71E-4428-913F-C37AE82CDB24}.Release|x64.Build.0 = Release|Any CPU
		{67F9D3A8-F71E-4428-913F-C37AE82CDB24}.Release|x86.ActiveCfg = Release|Any CPU
		{67F9D3A8-F71E-4428-913F-C37AE82CDB24}.Release|x86.Build.0 = Release|Any CPU
		{A9C5AC21-C184-4512-9110-9887EB1303EF}.Ad-Hoc|Any CPU.ActiveCfg = Release|Any CPU
		{A9C5AC21-C184-4512-9110-9887EB1303EF}.Ad-Hoc|Any CPU.Build.0 = Release|Any CPU
		{A9C5AC21-C184-4512-9110-9887EB1303EF}.Ad-Hoc|ARM.ActiveCfg = Release|Any CPU
		{A9C5AC21-C184-4512-9110-9887EB1303EF}.Ad-Hoc|ARM.Build.0 = Release|Any CPU
		{A9C5AC21-C184-4512-9110-9887EB1303EF}.Ad-Hoc|iPhone.ActiveCfg = Release|Any CPU
		{A9C5AC21-C184-4512-9110-9887EB1303EF}.Ad-Hoc|iPhone.Build.0 = Release|Any CPU
		{A9C5AC21-C184-4512-9110-9887EB1303EF}.Ad-Hoc|iPhoneSimulator.ActiveCfg = Release|Any CPU
		{A9C5AC21-C184-4512-9110-9887EB1303EF}.Ad-Hoc|iPhoneSimulator.Build.0 = Release|Any CPU
		{A9C5AC21-C184-4512-9110-9887EB1303EF}.Ad-Hoc|x64.ActiveCfg = Release|Any CPU
		{A9C5AC21-C184-4512-9110-9887EB1303EF}.Ad-Hoc|x64.Build.0 = Release|Any CPU
		{A9C5AC21-C184-4512-9110-9887EB1303EF}.Ad-Hoc|x86.ActiveCfg = Release|Any CPU
		{A9C5AC21-C184-4512-9110-9887EB1303EF}.Ad-Hoc|x86.Build.0 = Release|Any CPU
		{A9C5AC21-C184-4512-9110-9887EB1303EF}.AppStore|Any CPU.ActiveCfg = Release|Any CPU
		{A9C5AC21-C184-4512-9110-9887EB1303EF}.AppStore|Any CPU.Build.0 = Release|Any CPU
		{A9C5AC21-C184-4512-9110-9887EB1303EF}.AppStore|ARM.ActiveCfg = Release|Any CPU
		{A9C5AC21-C184-4512-9110-9887EB1303EF}.AppStore|ARM.Build.0 = Release|Any CPU
		{A9C5AC21-C184-4512-9110-9887EB1303EF}.AppStore|iPhone.ActiveCfg = Release|Any CPU
		{A9C5AC21-C184-4512-9110-9887EB1303EF}.AppStore|iPhone.Build.0 = Release|Any CPU
		{A9C5AC21-C184-4512-9110-9887EB1303EF}.AppStore|iPhoneSimulator.ActiveCfg = Release|Any CPU
		{A9C5AC21-C184-4512-9110-9887EB1303EF}.AppStore|iPhoneSimulator.Build.0 = Release|Any CPU
		{A9C5AC21-C184-4512-9110-9887EB1303EF}.AppStore|x64.ActiveCfg = Release|Any CPU
		{A9C5AC21-C184-4512-9110-9887EB1303EF}.AppStore|x64.Build.0 = Release|Any CPU
		{A9C5AC21-C184-4512-9110-9887EB1303EF}.AppStore|x86.ActiveCfg = Release|Any CPU
		{A9C5AC21-C184-4512-9110-9887EB1303EF}.AppStore|x86.Build.0 = Release|Any CPU
		{A9C5AC21-C184-4512-9110-9887EB1303EF}.Debug|Any CPU.ActiveCfg = Debug|Any CPU
		{A9C5AC21-C184-4512-9110-9887EB1303EF}.Debug|Any CPU.Build.0 = Debug|Any CPU
		{A9C5AC21-C184-4512-9110-9887EB1303EF}.Debug|ARM.ActiveCfg = Debug|Any CPU
		{A9C5AC21-C184-4512-9110-9887EB1303EF}.Debug|ARM.Build.0 = Debug|Any CPU
		{A9C5AC21-C184-4512-9110-9887EB1303EF}.Debug|iPhone.ActiveCfg = Debug|Any CPU
		{A9C5AC21-C184-4512-9110-9887EB1303EF}.Debug|iPhone.Build.0 = Debug|Any CPU
		{A9C5AC21-C184-4512-9110-9887EB1303EF}.Debug|iPhoneSimulator.ActiveCfg = Debug|Any CPU
		{A9C5AC21-C184-4512-9110-9887EB1303EF}.Debug|iPhoneSimulator.Build.0 = Debug|Any CPU
		{A9C5AC21-C184-4512-9110-9887EB1303EF}.Debug|x64.ActiveCfg = Debug|Any CPU
		{A9C5AC21-C184-4512-9110-9887EB1303EF}.Debug|x64.Build.0 = Debug|Any CPU
		{A9C5AC21-C184-4512-9110-9887EB1303EF}.Debug|x86.ActiveCfg = Debug|Any CPU
		{A9C5AC21-C184-4512-9110-9887EB1303EF}.Debug|x86.Build.0 = Debug|Any CPU
		{A9C5AC21-C184-4512-9110-9887EB1303EF}.Release|Any CPU.ActiveCfg = Release|Any CPU
		{A9C5AC21-C184-4512-9110-9887EB1303EF}.Release|Any CPU.Build.0 = Release|Any CPU
		{A9C5AC21-C184-4512-9110-9887EB1303EF}.Release|ARM.ActiveCfg = Release|Any CPU
		{A9C5AC21-C184-4512-9110-9887EB1303EF}.Release|ARM.Build.0 = Release|Any CPU
		{A9C5AC21-C184-4512-9110-9887EB1303EF}.Release|iPhone.ActiveCfg = Release|Any CPU
		{A9C5AC21-C184-4512-9110-9887EB1303EF}.Release|iPhone.Build.0 = Release|Any CPU
		{A9C5AC21-C184-4512-9110-9887EB1303EF}.Release|iPhoneSimulator.ActiveCfg = Release|Any CPU
		{A9C5AC21-C184-4512-9110-9887EB1303EF}.Release|iPhoneSimulator.Build.0 = Release|Any CPU
		{A9C5AC21-C184-4512-9110-9887EB1303EF}.Release|x64.ActiveCfg = Release|Any CPU
		{A9C5AC21-C184-4512-9110-9887EB1303EF}.Release|x64.Build.0 = Release|Any CPU
		{A9C5AC21-C184-4512-9110-9887EB1303EF}.Release|x86.ActiveCfg = Release|Any CPU
		{A9C5AC21-C184-4512-9110-9887EB1303EF}.Release|x86.Build.0 = Release|Any CPU
		{00E10374-C85B-49E4-9D6B-B1E866D3D0B5}.Ad-Hoc|Any CPU.ActiveCfg = Release|Any CPU
		{00E10374-C85B-49E4-9D6B-B1E866D3D0B5}.Ad-Hoc|Any CPU.Build.0 = Release|Any CPU
		{00E10374-C85B-49E4-9D6B-B1E866D3D0B5}.Ad-Hoc|ARM.ActiveCfg = Release|Any CPU
		{00E10374-C85B-49E4-9D6B-B1E866D3D0B5}.Ad-Hoc|ARM.Build.0 = Release|Any CPU
		{00E10374-C85B-49E4-9D6B-B1E866D3D0B5}.Ad-Hoc|iPhone.ActiveCfg = Release|Any CPU
		{00E10374-C85B-49E4-9D6B-B1E866D3D0B5}.Ad-Hoc|iPhone.Build.0 = Release|Any CPU
		{00E10374-C85B-49E4-9D6B-B1E866D3D0B5}.Ad-Hoc|iPhoneSimulator.ActiveCfg = Release|Any CPU
		{00E10374-C85B-49E4-9D6B-B1E866D3D0B5}.Ad-Hoc|iPhoneSimulator.Build.0 = Release|Any CPU
		{00E10374-C85B-49E4-9D6B-B1E866D3D0B5}.Ad-Hoc|x64.ActiveCfg = Release|Any CPU
		{00E10374-C85B-49E4-9D6B-B1E866D3D0B5}.Ad-Hoc|x64.Build.0 = Release|Any CPU
		{00E10374-C85B-49E4-9D6B-B1E866D3D0B5}.Ad-Hoc|x86.ActiveCfg = Release|Any CPU
		{00E10374-C85B-49E4-9D6B-B1E866D3D0B5}.Ad-Hoc|x86.Build.0 = Release|Any CPU
		{00E10374-C85B-49E4-9D6B-B1E866D3D0B5}.AppStore|Any CPU.ActiveCfg = Release|Any CPU
		{00E10374-C85B-49E4-9D6B-B1E866D3D0B5}.AppStore|Any CPU.Build.0 = Release|Any CPU
		{00E10374-C85B-49E4-9D6B-B1E866D3D0B5}.AppStore|ARM.ActiveCfg = Release|Any CPU
		{00E10374-C85B-49E4-9D6B-B1E866D3D0B5}.AppStore|ARM.Build.0 = Release|Any CPU
		{00E10374-C85B-49E4-9D6B-B1E866D3D0B5}.AppStore|iPhone.ActiveCfg = Release|Any CPU
		{00E10374-C85B-49E4-9D6B-B1E866D3D0B5}.AppStore|iPhone.Build.0 = Release|Any CPU
		{00E10374-C85B-49E4-9D6B-B1E866D3D0B5}.AppStore|iPhoneSimulator.ActiveCfg = Release|Any CPU
		{00E10374-C85B-49E4-9D6B-B1E866D3D0B5}.AppStore|iPhoneSimulator.Build.0 = Release|Any CPU
		{00E10374-C85B-49E4-9D6B-B1E866D3D0B5}.AppStore|x64.ActiveCfg = Release|Any CPU
		{00E10374-C85B-49E4-9D6B-B1E866D3D0B5}.AppStore|x64.Build.0 = Release|Any CPU
		{00E10374-C85B-49E4-9D6B-B1E866D3D0B5}.AppStore|x86.ActiveCfg = Release|Any CPU
		{00E10374-C85B-49E4-9D6B-B1E866D3D0B5}.AppStore|x86.Build.0 = Release|Any CPU
		{00E10374-C85B-49E4-9D6B-B1E866D3D0B5}.Debug|Any CPU.ActiveCfg = Debug|Any CPU
		{00E10374-C85B-49E4-9D6B-B1E866D3D0B5}.Debug|Any CPU.Build.0 = Debug|Any CPU
		{00E10374-C85B-49E4-9D6B-B1E866D3D0B5}.Debug|ARM.ActiveCfg = Debug|Any CPU
		{00E10374-C85B-49E4-9D6B-B1E866D3D0B5}.Debug|ARM.Build.0 = Debug|Any CPU
		{00E10374-C85B-49E4-9D6B-B1E866D3D0B5}.Debug|iPhone.ActiveCfg = Debug|Any CPU
		{00E10374-C85B-49E4-9D6B-B1E866D3D0B5}.Debug|iPhone.Build.0 = Debug|Any CPU
		{00E10374-C85B-49E4-9D6B-B1E866D3D0B5}.Debug|iPhoneSimulator.ActiveCfg = Debug|Any CPU
		{00E10374-C85B-49E4-9D6B-B1E866D3D0B5}.Debug|iPhoneSimulator.Build.0 = Debug|Any CPU
		{00E10374-C85B-49E4-9D6B-B1E866D3D0B5}.Debug|x64.ActiveCfg = Debug|Any CPU
		{00E10374-C85B-49E4-9D6B-B1E866D3D0B5}.Debug|x64.Build.0 = Debug|Any CPU
		{00E10374-C85B-49E4-9D6B-B1E866D3D0B5}.Debug|x86.ActiveCfg = Debug|Any CPU
		{00E10374-C85B-49E4-9D6B-B1E866D3D0B5}.Debug|x86.Build.0 = Debug|Any CPU
		{00E10374-C85B-49E4-9D6B-B1E866D3D0B5}.Release|Any CPU.ActiveCfg = Release|Any CPU
		{00E10374-C85B-49E4-9D6B-B1E866D3D0B5}.Release|Any CPU.Build.0 = Release|Any CPU
		{00E10374-C85B-49E4-9D6B-B1E866D3D0B5}.Release|ARM.ActiveCfg = Release|Any CPU
		{00E10374-C85B-49E4-9D6B-B1E866D3D0B5}.Release|ARM.Build.0 = Release|Any CPU
		{00E10374-C85B-49E4-9D6B-B1E866D3D0B5}.Release|iPhone.ActiveCfg = Release|Any CPU
		{00E10374-C85B-49E4-9D6B-B1E866D3D0B5}.Release|iPhone.Build.0 = Release|Any CPU
		{00E10374-C85B-49E4-9D6B-B1E866D3D0B5}.Release|iPhoneSimulator.ActiveCfg = Release|Any CPU
		{00E10374-C85B-49E4-9D6B-B1E866D3D0B5}.Release|iPhoneSimulator.Build.0 = Release|Any CPU
		{00E10374-C85B-49E4-9D6B-B1E866D3D0B5}.Release|x64.ActiveCfg = Release|Any CPU
		{00E10374-C85B-49E4-9D6B-B1E866D3D0B5}.Release|x64.Build.0 = Release|Any CPU
		{00E10374-C85B-49E4-9D6B-B1E866D3D0B5}.Release|x86.ActiveCfg = Release|Any CPU
		{00E10374-C85B-49E4-9D6B-B1E866D3D0B5}.Release|x86.Build.0 = Release|Any CPU
	EndGlobalSection
	GlobalSection(SolutionProperties) = preSolution
		HideSolutionNode = FALSE
	EndGlobalSection
	GlobalSection(NestedProjects) = preSolution
		{2CF5E868-1098-4C6D-9001-27D8DC0D87BE} = {B5AEA046-0E87-4A7B-8F11-80B6BDDA1F2A}
		{FE3664B1-72BA-4C7B-A896-738A15F48A9B} = {533683F1-B92C-4149-A2AD-6045623BC6D8}
		{A6E5249D-C10D-4966-8919-5F4ADAD98C7C} = {E41DF193-4045-472B-8E45-39D461B4C4B5}
		{C9C9B3C8-98A4-433E-AADE-2ECA55E7D879} = {E41DF193-4045-472B-8E45-39D461B4C4B5}
		{A9C5AC21-C184-4512-9110-9887EB1303EF} = {533683F1-B92C-4149-A2AD-6045623BC6D8}
		{00E10374-C85B-49E4-9D6B-B1E866D3D0B5} = {E41DF193-4045-472B-8E45-39D461B4C4B5}
	EndGlobalSection
EndGlobal
